<?xml version="1.0" encoding="utf-8"?>
<Project ToolsVersion="16.0" xmlns="http://schemas.microsoft.com/developer/msbuild/2003">
  <ItemGroup>
    <CustomBuild Include="T:\Kyle_Shepherd\games\Beyond-All-Reason\data\engine\dev_engine\CMakeFiles\9c4c3cddbbbc2169519b3468254fe899\INSTALL_force.rule">
      <Filter>CMake Rules</Filter>
    </CustomBuild>
  </ItemGroup>
  <ItemGroup>
    <Filter Include="CMake Rules">
      <UniqueIdentifier>{74F2E1AC-6A3E-33E2-AEFA-A65E6342BF7F}</UniqueIdentifier>
    </Filter>
  </ItemGroup>
</Project>
