<?xml version="1.0" encoding="utf-8"?>
<Project ToolsVersion="16.0" xmlns="http://schemas.microsoft.com/developer/msbuild/2003">
  <ItemGroup>
    <CustomBuild Include="T:\Kyle_Shepherd\games\Beyond-All-Reason\data\engine\dev_engine\CMakeFiles\2d9f5129edda3ed59ab59563323d7018\install-spring-legacy.rule">
      <Filter>CMake Rules</Filter>
    </CustomBuild>
    <CustomBuild Include="T:\Kyle_Shepherd\games\Beyond-All-Reason\data\games\spring\rts\builds\legacy\CMakeLists.txt" />
  </ItemGroup>
  <ItemGroup>
    <None Include="T:\Kyle_Shepherd\games\Beyond-All-Reason\data\engine\dev_engine\rts\builds\legacy\CMakeFiles\install-spring-legacy" />
  </ItemGroup>
  <ItemGroup>
    <Filter Include="CMake Rules">
      <UniqueIdentifier>{74F2E1AC-6A3E-33E2-AEFA-A65E6342BF7F}</UniqueIdentifier>
    </Filter>
  </ItemGroup>
</Project>
