
Microsoft Visual Studio Solution File, Format Version 12.00
# Visual Studio Version 16
Project("{8BC9CEB8-8B4A-11D0-8D11-00A0C91BC942}") = "ALL_BUILD", "ALL_BUILD.vcxproj", "{08B6448A-E1E3-3AC9-99E1-234CB92A2AD7}"
	ProjectSection(ProjectDependencies) = postProject
		{0D62C1AA-F9F2-3FEE-BED9-557BA64B704D} = {0D62C1AA-F9F2-3FEE-BED9-557BA64B704D}
		{8490226C-108B-3285-AF6C-02B1B01830CC} = {8490226C-108B-3285-AF6C-02B1B01830CC}
		{D1A83B76-BFDA-3F50-8C7F-8C3A02CCF632} = {D1A83B76-BFDA-3F50-8C7F-8C3A02CCF632}
		{3A2FBEBA-F74D-3EBF-857E-8CEA0AE1B6D1} = {3A2FBEBA-F74D-3EBF-857E-8CEA0AE1B6D1}
		{FE7D41ED-262E-3942-82D2-524F5D68472E} = {FE7D41ED-262E-3942-82D2-524F5D68472E}
		{B12CC654-DA47-3E92-BCB0-A809F229ACF4} = {B12CC654-DA47-3E92-BCB0-A809F229ACF4}
		{9248D103-BF90-3C42-831A-B2ABF38476E2} = {9248D103-BF90-3C42-831A-B2ABF38476E2}
		{667FA7BE-37F0-3B4C-AC3B-45F9F423AF69} = {667FA7BE-37F0-3B4C-AC3B-45F9F423AF69}
	EndProjectSection
EndProject
Project("{8BC9CEB8-8B4A-11D0-8D11-00A0C91BC942}") = "7zip", "src\lib\7z\7zip.vcxproj", "{0D62C1AA-F9F2-3FEE-BED9-557BA64B704D}"
	ProjectSection(ProjectDependencies) = postProject
		{8490226C-108B-3285-AF6C-02B1B01830CC} = {8490226C-108B-3285-AF6C-02B1B01830CC}
	EndProjectSection
EndProject
Project("{8BC9CEB8-8B4A-11D0-8D11-00A0C91BC942}") = "INSTALL", "INSTALL.vcxproj", "{5E655B73-7B31-3F34-ACAB-68AF1BA097D2}"
	ProjectSection(ProjectDependencies) = postProject
		{08B6448A-E1E3-3AC9-99E1-234CB92A2AD7} = {08B6448A-E1E3-3AC9-99E1-234CB92A2AD7}
		{8490226C-108B-3285-AF6C-02B1B01830CC} = {8490226C-108B-3285-AF6C-02B1B01830CC}
	EndProjectSection
EndProject
Project("{8BC9CEB8-8B4A-11D0-8D11-00A0C91BC942}") = "RUN_TESTS", "RUN_TESTS.vcxproj", "{FA574B41-D403-3862-A23A-129ECFED4855}"
	ProjectSection(ProjectDependencies) = postProject
		{8490226C-108B-3285-AF6C-02B1B01830CC} = {8490226C-108B-3285-AF6C-02B1B01830CC}
	EndProjectSection
EndProject
Project("{8BC9CEB8-8B4A-11D0-8D11-00A0C91BC942}") = "ZERO_CHECK", "..\..\\ZERO_CHECK.vcxproj", "{8490226C-108B-3285-AF6C-02B1B01830CC}"
	ProjectSection(ProjectDependencies) = postProject
	EndProjectSection
EndProject
Project("{8BC9CEB8-8B4A-11D0-8D11-00A0C91BC942}") = "pr-downloader", "src\pr-downloader.vcxproj", "{D1A83B76-BFDA-3F50-8C7F-8C3A02CCF632}"
	ProjectSection(ProjectDependencies) = postProject
		{0D62C1AA-F9F2-3FEE-BED9-557BA64B704D} = {0D62C1AA-F9F2-3FEE-BED9-557BA64B704D}
		{8490226C-108B-3285-AF6C-02B1B01830CC} = {8490226C-108B-3285-AF6C-02B1B01830CC}
		{FE7D41ED-262E-3942-82D2-524F5D68472E} = {FE7D41ED-262E-3942-82D2-524F5D68472E}
		{B12CC654-DA47-3E92-BCB0-A809F229ACF4} = {B12CC654-DA47-3E92-BCB0-A809F229ACF4}
		{9248D103-BF90-3C42-831A-B2ABF38476E2} = {9248D103-BF90-3C42-831A-B2ABF38476E2}
		{667FA7BE-37F0-3B4C-AC3B-45F9F423AF69} = {667FA7BE-37F0-3B4C-AC3B-45F9F423AF69}
	EndProjectSection
EndProject
Project("{8BC9CEB8-8B4A-11D0-8D11-00A0C91BC942}") = "pr-downloader_cli", "src\pr-downloader_cli.vcxproj", "{3A2FBEBA-F74D-3EBF-857E-8CEA0AE1B6D1}"
	ProjectSection(ProjectDependencies) = postProject
		{0D62C1AA-F9F2-3FEE-BED9-557BA64B704D} = {0D62C1AA-F9F2-3FEE-BED9-557BA64B704D}
		{8490226C-108B-3285-AF6C-02B1B01830CC} = {8490226C-108B-3285-AF6C-02B1B01830CC}
		{D1A83B76-BFDA-3F50-8C7F-8C3A02CCF632} = {D1A83B76-BFDA-3F50-8C7F-8C3A02CCF632}
		{FE7D41ED-262E-3942-82D2-524F5D68472E} = {FE7D41ED-262E-3942-82D2-524F5D68472E}
		{B12CC654-DA47-3E92-BCB0-A809F229ACF4} = {B12CC654-DA47-3E92-BCB0-A809F229ACF4}
		{9248D103-BF90-3C42-831A-B2ABF38476E2} = {9248D103-BF90-3C42-831A-B2ABF38476E2}
		{667FA7BE-37F0-3B4C-AC3B-45F9F423AF69} = {667FA7BE-37F0-3B4C-AC3B-45F9F423AF69}
	EndProjectSection
EndProject
Project("{8BC9CEB8-8B4A-11D0-8D11-00A0C91BC942}") = "pr-jsoncpp", "src\lib\jsoncpp\pr-jsoncpp.vcxproj", "{FE7D41ED-262E-3942-82D2-524F5D68472E}"
	ProjectSection(ProjectDependencies) = postProject
		{8490226C-108B-3285-AF6C-02B1B01830CC} = {8490226C-108B-3285-AF6C-02B1B01830CC}
	EndProjectSection
EndProject
Project("{8BC9CEB8-8B4A-11D0-8D11-00A0C91BC942}") = "pr-md5", "src\lib\md5\pr-md5.vcxproj", "{B12CC654-DA47-3E92-BCB0-A809F229ACF4}"
	ProjectSection(ProjectDependencies) = postProject
		{8490226C-108B-3285-AF6C-02B1B01830CC} = {8490226C-108B-3285-AF6C-02B1B01830CC}
	EndProjectSection
EndProject
Project("{8BC9CEB8-8B4A-11D0-8D11-00A0C91BC942}") = "pr-minizip", "src\lib\minizip\pr-minizip.vcxproj", "{9248D103-BF90-3C42-831A-B2ABF38476E2}"
	ProjectSection(ProjectDependencies) = postProject
		{8490226C-108B-3285-AF6C-02B1B01830CC} = {8490226C-108B-3285-AF6C-02B1B01830CC}
	EndProjectSection
EndProject
Project("{8BC9CEB8-8B4A-11D0-8D11-00A0C91BC942}") = "pr-sha1", "src\lib\sha1\pr-sha1.vcxproj", "{667FA7BE-37F0-3B4C-AC3B-45F9F423AF69}"
	ProjectSection(ProjectDependencies) = postProject
		{8490226C-108B-3285-AF6C-02B1B01830CC} = {8490226C-108B-3285-AF6C-02B1B01830CC}
	EndProjectSection
EndProject
Global
	GlobalSection(SolutionConfigurationPlatforms) = preSolution
		Debug|x64 = Debug|x64
		Release|x64 = Release|x64
		MinSizeRel|x64 = MinSizeRel|x64
		RelWithDebInfo|x64 = RelWithDebInfo|x64
	EndGlobalSection
	GlobalSection(ProjectConfigurationPlatforms) = postSolution
		{08B6448A-E1E3-3AC9-99E1-234CB92A2AD7}.Debug|x64.ActiveCfg = Debug|x64
		{08B6448A-E1E3-3AC9-99E1-234CB92A2AD7}.Debug|x64.Build.0 = Debug|x64
		{08B6448A-E1E3-3AC9-99E1-234CB92A2AD7}.Release|x64.ActiveCfg = Release|x64
		{08B6448A-E1E3-3AC9-99E1-234CB92A2AD7}.Release|x64.Build.0 = Release|x64
		{08B6448A-E1E3-3AC9-99E1-234CB92A2AD7}.MinSizeRel|x64.ActiveCfg = MinSizeRel|x64
		{08B6448A-E1E3-3AC9-99E1-234CB92A2AD7}.MinSizeRel|x64.Build.0 = MinSizeRel|x64
		{08B6448A-E1E3-3AC9-99E1-234CB92A2AD7}.RelWithDebInfo|x64.ActiveCfg = RelWithDebInfo|x64
		{08B6448A-E1E3-3AC9-99E1-234CB92A2AD7}.RelWithDebInfo|x64.Build.0 = RelWithDebInfo|x64
		{0D62C1AA-F9F2-3FEE-BED9-557BA64B704D}.Debug|x64.ActiveCfg = Debug|x64
		{0D62C1AA-F9F2-3FEE-BED9-557BA64B704D}.Debug|x64.Build.0 = Debug|x64
		{0D62C1AA-F9F2-3FEE-BED9-557BA64B704D}.Release|x64.ActiveCfg = Release|x64
		{0D62C1AA-F9F2-3FEE-BED9-557BA64B704D}.Release|x64.Build.0 = Release|x64
		{0D62C1AA-F9F2-3FEE-BED9-557BA64B704D}.MinSizeRel|x64.ActiveCfg = MinSizeRel|x64
		{0D62C1AA-F9F2-3FEE-BED9-557BA64B704D}.MinSizeRel|x64.Build.0 = MinSizeRel|x64
		{0D62C1AA-F9F2-3FEE-BED9-557BA64B704D}.RelWithDebInfo|x64.ActiveCfg = RelWithDebInfo|x64
		{0D62C1AA-F9F2-3FEE-BED9-557BA64B704D}.RelWithDebInfo|x64.Build.0 = RelWithDebInfo|x64
		{5E655B73-7B31-3F34-ACAB-68AF1BA097D2}.Debug|x64.ActiveCfg = Debug|x64
		{5E655B73-7B31-3F34-ACAB-68AF1BA097D2}.Release|x64.ActiveCfg = Release|x64
		{5E655B73-7B31-3F34-ACAB-68AF1BA097D2}.MinSizeRel|x64.ActiveCfg = MinSizeRel|x64
		{5E655B73-7B31-3F34-ACAB-68AF1BA097D2}.RelWithDebInfo|x64.ActiveCfg = RelWithDebInfo|x64
		{FA574B41-D403-3862-A23A-129ECFED4855}.Debug|x64.ActiveCfg = Debug|x64
		{FA574B41-D403-3862-A23A-129ECFED4855}.Release|x64.ActiveCfg = Release|x64
		{FA574B41-D403-3862-A23A-129ECFED4855}.MinSizeRel|x64.ActiveCfg = MinSizeRel|x64
		{FA574B41-D403-3862-A23A-129ECFED4855}.RelWithDebInfo|x64.ActiveCfg = RelWithDebInfo|x64
		{8490226C-108B-3285-AF6C-02B1B01830CC}.Debug|x64.ActiveCfg = Debug|x64
		{8490226C-108B-3285-AF6C-02B1B01830CC}.Debug|x64.Build.0 = Debug|x64
		{8490226C-108B-3285-AF6C-02B1B01830CC}.Release|x64.ActiveCfg = Release|x64
		{8490226C-108B-3285-AF6C-02B1B01830CC}.Release|x64.Build.0 = Release|x64
		{8490226C-108B-3285-AF6C-02B1B01830CC}.MinSizeRel|x64.ActiveCfg = MinSizeRel|x64
		{8490226C-108B-3285-AF6C-02B1B01830CC}.MinSizeRel|x64.Build.0 = MinSizeRel|x64
		{8490226C-108B-3285-AF6C-02B1B01830CC}.RelWithDebInfo|x64.ActiveCfg = RelWithDebInfo|x64
		{8490226C-108B-3285-AF6C-02B1B01830CC}.RelWithDebInfo|x64.Build.0 = RelWithDebInfo|x64
		{D1A83B76-BFDA-3F50-8C7F-8C3A02CCF632}.Debug|x64.ActiveCfg = Debug|x64
		{D1A83B76-BFDA-3F50-8C7F-8C3A02CCF632}.Debug|x64.Build.0 = Debug|x64
		{D1A83B76-BFDA-3F50-8C7F-8C3A02CCF632}.Release|x64.ActiveCfg = Release|x64
		{D1A83B76-BFDA-3F50-8C7F-8C3A02CCF632}.Release|x64.Build.0 = Release|x64
		{D1A83B76-BFDA-3F50-8C7F-8C3A02CCF632}.MinSizeRel|x64.ActiveCfg = MinSizeRel|x64
		{D1A83B76-BFDA-3F50-8C7F-8C3A02CCF632}.MinSizeRel|x64.Build.0 = MinSizeRel|x64
		{D1A83B76-BFDA-3F50-8C7F-8C3A02CCF632}.RelWithDebInfo|x64.ActiveCfg = RelWithDebInfo|x64
		{D1A83B76-BFDA-3F50-8C7F-8C3A02CCF632}.RelWithDebInfo|x64.Build.0 = RelWithDebInfo|x64
		{3A2FBEBA-F74D-3EBF-857E-8CEA0AE1B6D1}.Debug|x64.ActiveCfg = Debug|x64
		{3A2FBEBA-F74D-3EBF-857E-8CEA0AE1B6D1}.Debug|x64.Build.0 = Debug|x64
		{3A2FBEBA-F74D-3EBF-857E-8CEA0AE1B6D1}.Release|x64.ActiveCfg = Release|x64
		{3A2FBEBA-F74D-3EBF-857E-8CEA0AE1B6D1}.Release|x64.Build.0 = Release|x64
		{3A2FBEBA-F74D-3EBF-857E-8CEA0AE1B6D1}.MinSizeRel|x64.ActiveCfg = MinSizeRel|x64
		{3A2FBEBA-F74D-3EBF-857E-8CEA0AE1B6D1}.MinSizeRel|x64.Build.0 = MinSizeRel|x64
		{3A2FBEBA-F74D-3EBF-857E-8CEA0AE1B6D1}.RelWithDebInfo|x64.ActiveCfg = RelWithDebInfo|x64
		{3A2FBEBA-F74D-3EBF-857E-8CEA0AE1B6D1}.RelWithDebInfo|x64.Build.0 = RelWithDebInfo|x64
		{FE7D41ED-262E-3942-82D2-524F5D68472E}.Debug|x64.ActiveCfg = Debug|x64
		{FE7D41ED-262E-3942-82D2-524F5D68472E}.Debug|x64.Build.0 = Debug|x64
		{FE7D41ED-262E-3942-82D2-524F5D68472E}.Release|x64.ActiveCfg = Release|x64
		{FE7D41ED-262E-3942-82D2-524F5D68472E}.Release|x64.Build.0 = Release|x64
		{FE7D41ED-262E-3942-82D2-524F5D68472E}.MinSizeRel|x64.ActiveCfg = MinSizeRel|x64
		{FE7D41ED-262E-3942-82D2-524F5D68472E}.MinSizeRel|x64.Build.0 = MinSizeRel|x64
		{FE7D41ED-262E-3942-82D2-524F5D68472E}.RelWithDebInfo|x64.ActiveCfg = RelWithDebInfo|x64
		{FE7D41ED-262E-3942-82D2-524F5D68472E}.RelWithDebInfo|x64.Build.0 = RelWithDebInfo|x64
		{B12CC654-DA47-3E92-BCB0-A809F229ACF4}.Debug|x64.ActiveCfg = Debug|x64
		{B12CC654-DA47-3E92-BCB0-A809F229ACF4}.Debug|x64.Build.0 = Debug|x64
		{B12CC654-DA47-3E92-BCB0-A809F229ACF4}.Release|x64.ActiveCfg = Release|x64
		{B12CC654-DA47-3E92-BCB0-A809F229ACF4}.Release|x64.Build.0 = Release|x64
		{B12CC654-DA47-3E92-BCB0-A809F229ACF4}.MinSizeRel|x64.ActiveCfg = MinSizeRel|x64
		{B12CC654-DA47-3E92-BCB0-A809F229ACF4}.MinSizeRel|x64.Build.0 = MinSizeRel|x64
		{B12CC654-DA47-3E92-BCB0-A809F229ACF4}.RelWithDebInfo|x64.ActiveCfg = RelWithDebInfo|x64
		{B12CC654-DA47-3E92-BCB0-A809F229ACF4}.RelWithDebInfo|x64.Build.0 = RelWithDebInfo|x64
		{9248D103-BF90-3C42-831A-B2ABF38476E2}.Debug|x64.ActiveCfg = Debug|x64
		{9248D103-BF90-3C42-831A-B2ABF38476E2}.Debug|x64.Build.0 = Debug|x64
		{9248D103-BF90-3C42-831A-B2ABF38476E2}.Release|x64.ActiveCfg = Release|x64
		{9248D103-BF90-3C42-831A-B2ABF38476E2}.Release|x64.Build.0 = Release|x64
		{9248D103-BF90-3C42-831A-B2ABF38476E2}.MinSizeRel|x64.ActiveCfg = MinSizeRel|x64
		{9248D103-BF90-3C42-831A-B2ABF38476E2}.MinSizeRel|x64.Build.0 = MinSizeRel|x64
		{9248D103-BF90-3C42-831A-B2ABF38476E2}.RelWithDebInfo|x64.ActiveCfg = RelWithDebInfo|x64
		{9248D103-BF90-3C42-831A-B2ABF38476E2}.RelWithDebInfo|x64.Build.0 = RelWithDebInfo|x64
		{667FA7BE-37F0-3B4C-AC3B-45F9F423AF69}.Debug|x64.ActiveCfg = Debug|x64
		{667FA7BE-37F0-3B4C-AC3B-45F9F423AF69}.Debug|x64.Build.0 = Debug|x64
		{667FA7BE-37F0-3B4C-AC3B-45F9F423AF69}.Release|x64.ActiveCfg = Release|x64
		{667FA7BE-37F0-3B4C-AC3B-45F9F423AF69}.Release|x64.Build.0 = Release|x64
		{667FA7BE-37F0-3B4C-AC3B-45F9F423AF69}.MinSizeRel|x64.ActiveCfg = MinSizeRel|x64
		{667FA7BE-37F0-3B4C-AC3B-45F9F423AF69}.MinSizeRel|x64.Build.0 = MinSizeRel|x64
		{667FA7BE-37F0-3B4C-AC3B-45F9F423AF69}.RelWithDebInfo|x64.ActiveCfg = RelWithDebInfo|x64
		{667FA7BE-37F0-3B4C-AC3B-45F9F423AF69}.RelWithDebInfo|x64.Build.0 = RelWithDebInfo|x64
	EndGlobalSection
	GlobalSection(ExtensibilityGlobals) = postSolution
		SolutionGuid = {4E0D4888-C180-365B-98AC-2CA6E456F5C2}
	EndGlobalSection
	GlobalSection(ExtensibilityAddIns) = postSolution
	EndGlobalSection
EndGlobal
