<?xml version="1.0" encoding="utf-8"?>
<Project ToolsVersion="16.0" xmlns="http://schemas.microsoft.com/developer/msbuild/2003">
  <ItemGroup>
    <ClCompile Include="T:\Kyle_Shepherd\games\Beyond-All-Reason\data\games\spring\rts\Game\Action.cpp">
      <Filter>Source Files</Filter>
    </ClCompile>
    <ClCompile Include="T:\Kyle_Shepherd\games\Beyond-All-Reason\data\games\spring\rts\Game\AviVideoCapturing.cpp">
      <Filter>Source Files</Filter>
    </ClCompile>
    <ClCompile Include="T:\Kyle_Shepherd\games\Beyond-All-Reason\data\games\spring\rts\Game\Camera.cpp">
      <Filter>Source Files</Filter>
    </ClCompile>
    <ClCompile Include="T:\Kyle_Shepherd\games\Beyond-All-Reason\data\games\spring\rts\Game\Camera\CameraController.cpp">
      <Filter>Source Files</Filter>
    </ClCompile>
    <ClCompile Include="T:\Kyle_Shepherd\games\Beyond-All-Reason\data\games\spring\rts\Game\Camera\FPSController.cpp">
      <Filter>Source Files</Filter>
    </ClCompile>
    <ClCompile Include="T:\Kyle_Shepherd\games\Beyond-All-Reason\data\games\spring\rts\Game\Camera\FreeController.cpp">
      <Filter>Source Files</Filter>
    </ClCompile>
    <ClCompile Include="T:\Kyle_Shepherd\games\Beyond-All-Reason\data\games\spring\rts\Game\Camera\OverheadController.cpp">
      <Filter>Source Files</Filter>
    </ClCompile>
    <ClCompile Include="T:\Kyle_Shepherd\games\Beyond-All-Reason\data\games\spring\rts\Game\Camera\OverviewController.cpp">
      <Filter>Source Files</Filter>
    </ClCompile>
    <ClCompile Include="T:\Kyle_Shepherd\games\Beyond-All-Reason\data\games\spring\rts\Game\Camera\RotOverheadController.cpp">
      <Filter>Source Files</Filter>
    </ClCompile>
    <ClCompile Include="T:\Kyle_Shepherd\games\Beyond-All-Reason\data\games\spring\rts\Game\Camera\SpringController.cpp">
      <Filter>Source Files</Filter>
    </ClCompile>
    <ClCompile Include="T:\Kyle_Shepherd\games\Beyond-All-Reason\data\games\spring\rts\Game\CameraHandler.cpp">
      <Filter>Source Files</Filter>
    </ClCompile>
    <ClCompile Include="T:\Kyle_Shepherd\games\Beyond-All-Reason\data\games\spring\rts\Game\ChatMessage.cpp">
      <Filter>Source Files</Filter>
    </ClCompile>
    <ClCompile Include="T:\Kyle_Shepherd\games\Beyond-All-Reason\data\games\spring\rts\Game\ClientData.cpp">
      <Filter>Source Files</Filter>
    </ClCompile>
    <ClCompile Include="T:\Kyle_Shepherd\games\Beyond-All-Reason\data\games\spring\rts\Game\ClientSetup.cpp">
      <Filter>Source Files</Filter>
    </ClCompile>
    <ClCompile Include="T:\Kyle_Shepherd\games\Beyond-All-Reason\data\games\spring\rts\Game\CommandMessage.cpp">
      <Filter>Source Files</Filter>
    </ClCompile>
    <ClCompile Include="T:\Kyle_Shepherd\games\Beyond-All-Reason\data\games\spring\rts\Game\Console.cpp">
      <Filter>Source Files</Filter>
    </ClCompile>
    <ClCompile Include="T:\Kyle_Shepherd\games\Beyond-All-Reason\data\games\spring\rts\Game\ConsoleHistory.cpp">
      <Filter>Source Files</Filter>
    </ClCompile>
    <ClCompile Include="T:\Kyle_Shepherd\games\Beyond-All-Reason\data\games\spring\rts\Game\DummyVideoCapturing.cpp">
      <Filter>Source Files</Filter>
    </ClCompile>
    <ClCompile Include="T:\Kyle_Shepherd\games\Beyond-All-Reason\data\games\spring\rts\Game\FPSUnitController.cpp">
      <Filter>Source Files</Filter>
    </ClCompile>
    <ClCompile Include="T:\Kyle_Shepherd\games\Beyond-All-Reason\data\games\spring\rts\Game\Game.cpp">
      <Filter>Source Files</Filter>
    </ClCompile>
    <ClCompile Include="T:\Kyle_Shepherd\games\Beyond-All-Reason\data\games\spring\rts\Game\GameController.cpp">
      <Filter>Source Files</Filter>
    </ClCompile>
    <ClCompile Include="T:\Kyle_Shepherd\games\Beyond-All-Reason\data\games\spring\rts\Game\GameControllerTextInput.cpp">
      <Filter>Source Files</Filter>
    </ClCompile>
    <ClCompile Include="T:\Kyle_Shepherd\games\Beyond-All-Reason\data\games\spring\rts\Game\GameData.cpp">
      <Filter>Source Files</Filter>
    </ClCompile>
    <ClCompile Include="T:\Kyle_Shepherd\games\Beyond-All-Reason\data\games\spring\rts\Game\GameHelper.cpp">
      <Filter>Source Files</Filter>
    </ClCompile>
    <ClCompile Include="T:\Kyle_Shepherd\games\Beyond-All-Reason\data\games\spring\rts\Game\GameSetup.cpp">
      <Filter>Source Files</Filter>
    </ClCompile>
    <ClCompile Include="T:\Kyle_Shepherd\games\Beyond-All-Reason\data\games\spring\rts\Game\GameVersion.cpp">
      <Filter>Source Files</Filter>
    </ClCompile>
    <ClCompile Include="T:\Kyle_Shepherd\games\Beyond-All-Reason\data\games\spring\rts\Game\GlobalUnsynced.cpp">
      <Filter>Source Files</Filter>
    </ClCompile>
    <ClCompile Include="T:\Kyle_Shepherd\games\Beyond-All-Reason\data\games\spring\rts\Game\IVideoCapturing.cpp">
      <Filter>Source Files</Filter>
    </ClCompile>
    <ClCompile Include="T:\Kyle_Shepherd\games\Beyond-All-Reason\data\games\spring\rts\Game\InMapDraw.cpp">
      <Filter>Source Files</Filter>
    </ClCompile>
    <ClCompile Include="T:\Kyle_Shepherd\games\Beyond-All-Reason\data\games\spring\rts\Game\InMapDrawModel.cpp">
      <Filter>Source Files</Filter>
    </ClCompile>
    <ClCompile Include="T:\Kyle_Shepherd\games\Beyond-All-Reason\data\games\spring\rts\Game\LoadScreen.cpp">
      <Filter>Source Files</Filter>
    </ClCompile>
    <ClCompile Include="T:\Kyle_Shepherd\games\Beyond-All-Reason\data\games\spring\rts\Game\Players\Player.cpp">
      <Filter>Source Files</Filter>
    </ClCompile>
    <ClCompile Include="T:\Kyle_Shepherd\games\Beyond-All-Reason\data\games\spring\rts\Game\Players\PlayerBase.cpp">
      <Filter>Source Files</Filter>
    </ClCompile>
    <ClCompile Include="T:\Kyle_Shepherd\games\Beyond-All-Reason\data\games\spring\rts\Game\Players\PlayerHandler.cpp">
      <Filter>Source Files</Filter>
    </ClCompile>
    <ClCompile Include="T:\Kyle_Shepherd\games\Beyond-All-Reason\data\games\spring\rts\Game\Players\PlayerStatistics.cpp">
      <Filter>Source Files</Filter>
    </ClCompile>
    <ClCompile Include="T:\Kyle_Shepherd\games\Beyond-All-Reason\data\games\spring\rts\Game\Players\TeamController.cpp">
      <Filter>Source Files</Filter>
    </ClCompile>
    <ClCompile Include="T:\Kyle_Shepherd\games\Beyond-All-Reason\data\games\spring\rts\Game\PreGame.cpp">
      <Filter>Source Files</Filter>
    </ClCompile>
    <ClCompile Include="T:\Kyle_Shepherd\games\Beyond-All-Reason\data\games\spring\rts\Game\SelectedUnitsHandler.cpp">
      <Filter>Source Files</Filter>
    </ClCompile>
    <ClCompile Include="T:\Kyle_Shepherd\games\Beyond-All-Reason\data\games\spring\rts\Game\SelectedUnitsAI.cpp">
      <Filter>Source Files</Filter>
    </ClCompile>
    <ClCompile Include="T:\Kyle_Shepherd\games\Beyond-All-Reason\data\games\spring\rts\Game\SyncedGameCommands.cpp">
      <Filter>Source Files</Filter>
    </ClCompile>
    <ClCompile Include="T:\Kyle_Shepherd\games\Beyond-All-Reason\data\games\spring\rts\Game\TraceRay.cpp">
      <Filter>Source Files</Filter>
    </ClCompile>
    <ClCompile Include="T:\Kyle_Shepherd\games\Beyond-All-Reason\data\games\spring\rts\Game\UI\CommandColors.cpp">
      <Filter>Source Files</Filter>
    </ClCompile>
    <ClCompile Include="T:\Kyle_Shepherd\games\Beyond-All-Reason\data\games\spring\rts\Game\UI\CursorIcons.cpp">
      <Filter>Source Files</Filter>
    </ClCompile>
    <ClCompile Include="T:\Kyle_Shepherd\games\Beyond-All-Reason\data\games\spring\rts\Game\UI\EndGameBox.cpp">
      <Filter>Source Files</Filter>
    </ClCompile>
    <ClCompile Include="T:\Kyle_Shepherd\games\Beyond-All-Reason\data\games\spring\rts\Game\UI\GameInfo.cpp">
      <Filter>Source Files</Filter>
    </ClCompile>
    <ClCompile Include="T:\Kyle_Shepherd\games\Beyond-All-Reason\data\games\spring\rts\Game\UI\GameSetupDrawer.cpp">
      <Filter>Source Files</Filter>
    </ClCompile>
    <ClCompile Include="T:\Kyle_Shepherd\games\Beyond-All-Reason\data\games\spring\rts\Game\UI\GuiHandler.cpp">
      <Filter>Source Files</Filter>
    </ClCompile>
    <ClCompile Include="T:\Kyle_Shepherd\games\Beyond-All-Reason\data\games\spring\rts\Game\UI\Groups\Group.cpp">
      <Filter>Source Files</Filter>
    </ClCompile>
    <ClCompile Include="T:\Kyle_Shepherd\games\Beyond-All-Reason\data\games\spring\rts\Game\UI\Groups\GroupHandler.cpp">
      <Filter>Source Files</Filter>
    </ClCompile>
    <ClCompile Include="T:\Kyle_Shepherd\games\Beyond-All-Reason\data\games\spring\rts\Game\UI\HwMouseCursor.cpp">
      <Filter>Source Files</Filter>
    </ClCompile>
    <ClCompile Include="T:\Kyle_Shepherd\games\Beyond-All-Reason\data\games\spring\rts\Game\UI\InfoConsole.cpp">
      <Filter>Source Files</Filter>
    </ClCompile>
    <ClCompile Include="T:\Kyle_Shepherd\games\Beyond-All-Reason\data\games\spring\rts\Game\UI\InputReceiver.cpp">
      <Filter>Source Files</Filter>
    </ClCompile>
    <ClCompile Include="T:\Kyle_Shepherd\games\Beyond-All-Reason\data\games\spring\rts\Game\UI\KeyBindings.cpp">
      <Filter>Source Files</Filter>
    </ClCompile>
    <ClCompile Include="T:\Kyle_Shepherd\games\Beyond-All-Reason\data\games\spring\rts\Game\UI\KeyCodes.cpp">
      <Filter>Source Files</Filter>
    </ClCompile>
    <ClCompile Include="T:\Kyle_Shepherd\games\Beyond-All-Reason\data\games\spring\rts\Game\UI\ScanCodes.cpp">
      <Filter>Source Files</Filter>
    </ClCompile>
    <ClCompile Include="T:\Kyle_Shepherd\games\Beyond-All-Reason\data\games\spring\rts\Game\UI\IKeys.cpp">
      <Filter>Source Files</Filter>
    </ClCompile>
    <ClCompile Include="T:\Kyle_Shepherd\games\Beyond-All-Reason\data\games\spring\rts\Game\UI\KeySet.cpp">
      <Filter>Source Files</Filter>
    </ClCompile>
    <ClCompile Include="T:\Kyle_Shepherd\games\Beyond-All-Reason\data\games\spring\rts\Game\UI\MiniMap.cpp">
      <Filter>Source Files</Filter>
    </ClCompile>
    <ClCompile Include="T:\Kyle_Shepherd\games\Beyond-All-Reason\data\games\spring\rts\Game\UI\MouseCursor.cpp">
      <Filter>Source Files</Filter>
    </ClCompile>
    <ClCompile Include="T:\Kyle_Shepherd\games\Beyond-All-Reason\data\games\spring\rts\Game\UI\MouseHandler.cpp">
      <Filter>Source Files</Filter>
    </ClCompile>
    <ClCompile Include="T:\Kyle_Shepherd\games\Beyond-All-Reason\data\games\spring\rts\Game\UI\PlayerRoster.cpp">
      <Filter>Source Files</Filter>
    </ClCompile>
    <ClCompile Include="T:\Kyle_Shepherd\games\Beyond-All-Reason\data\games\spring\rts\Game\UI\PlayerRosterDrawer.cpp">
      <Filter>Source Files</Filter>
    </ClCompile>
    <ClCompile Include="T:\Kyle_Shepherd\games\Beyond-All-Reason\data\games\spring\rts\Game\UI\ProfileDrawer.cpp">
      <Filter>Source Files</Filter>
    </ClCompile>
    <ClCompile Include="T:\Kyle_Shepherd\games\Beyond-All-Reason\data\games\spring\rts\Game\UI\QuitBox.cpp">
      <Filter>Source Files</Filter>
    </ClCompile>
    <ClCompile Include="T:\Kyle_Shepherd\games\Beyond-All-Reason\data\games\spring\rts\Game\UI\ResourceBar.cpp">
      <Filter>Source Files</Filter>
    </ClCompile>
    <ClCompile Include="T:\Kyle_Shepherd\games\Beyond-All-Reason\data\games\spring\rts\Game\UI\SelectionKeyHandler.cpp">
      <Filter>Source Files</Filter>
    </ClCompile>
    <ClCompile Include="T:\Kyle_Shepherd\games\Beyond-All-Reason\data\games\spring\rts\Game\UI\ShareBox.cpp">
      <Filter>Source Files</Filter>
    </ClCompile>
    <ClCompile Include="T:\Kyle_Shepherd\games\Beyond-All-Reason\data\games\spring\rts\Game\UI\StartPosSelecter.cpp">
      <Filter>Source Files</Filter>
    </ClCompile>
    <ClCompile Include="T:\Kyle_Shepherd\games\Beyond-All-Reason\data\games\spring\rts\Game\UI\TooltipConsole.cpp">
      <Filter>Source Files</Filter>
    </ClCompile>
    <ClCompile Include="T:\Kyle_Shepherd\games\Beyond-All-Reason\data\games\spring\rts\Game\UI\UnitTracker.cpp">
      <Filter>Source Files</Filter>
    </ClCompile>
    <ClCompile Include="T:\Kyle_Shepherd\games\Beyond-All-Reason\data\games\spring\rts\Game\UnsyncedGameCommands.cpp">
      <Filter>Source Files</Filter>
    </ClCompile>
    <ClCompile Include="T:\Kyle_Shepherd\games\Beyond-All-Reason\data\games\spring\rts\Game\WaitCommandsAI.cpp">
      <Filter>Source Files</Filter>
    </ClCompile>
    <ClCompile Include="T:\Kyle_Shepherd\games\Beyond-All-Reason\data\games\spring\rts\Game\WordCompletion.cpp">
      <Filter>Source Files</Filter>
    </ClCompile>
    <ClCompile Include="T:\Kyle_Shepherd\games\Beyond-All-Reason\data\games\spring\rts\Net\AutohostInterface.cpp">
      <Filter>Source Files</Filter>
    </ClCompile>
    <ClCompile Include="T:\Kyle_Shepherd\games\Beyond-All-Reason\data\games\spring\rts\Net\GameServer.cpp">
      <Filter>Source Files</Filter>
    </ClCompile>
    <ClCompile Include="T:\Kyle_Shepherd\games\Beyond-All-Reason\data\games\spring\rts\Net\GameParticipant.cpp">
      <Filter>Source Files</Filter>
    </ClCompile>
    <ClCompile Include="T:\Kyle_Shepherd\games\Beyond-All-Reason\data\games\spring\rts\Net\Protocol\BaseNetProtocol.cpp">
      <Filter>Source Files</Filter>
    </ClCompile>
    <ClCompile Include="T:\Kyle_Shepherd\games\Beyond-All-Reason\data\games\spring\rts\Net\Protocol\NetProtocol.cpp">
      <Filter>Source Files</Filter>
    </ClCompile>
    <ClCompile Include="T:\Kyle_Shepherd\games\Beyond-All-Reason\data\games\spring\rts\Net\NetCommands.cpp">
      <Filter>Source Files</Filter>
    </ClCompile>
    <ClCompile Include="T:\Kyle_Shepherd\games\Beyond-All-Reason\data\games\spring\rts\Lua\LuaArchive.cpp">
      <Filter>Source Files</Filter>
    </ClCompile>
    <ClCompile Include="T:\Kyle_Shepherd\games\Beyond-All-Reason\data\games\spring\rts\Lua\LuaBitOps.cpp">
      <Filter>Source Files</Filter>
    </ClCompile>
    <ClCompile Include="T:\Kyle_Shepherd\games\Beyond-All-Reason\data\games\spring\rts\Lua\LuaConstCMD.cpp">
      <Filter>Source Files</Filter>
    </ClCompile>
    <ClCompile Include="T:\Kyle_Shepherd\games\Beyond-All-Reason\data\games\spring\rts\Lua\LuaConstCMDTYPE.cpp">
      <Filter>Source Files</Filter>
    </ClCompile>
    <ClCompile Include="T:\Kyle_Shepherd\games\Beyond-All-Reason\data\games\spring\rts\Lua\LuaConstCOB.cpp">
      <Filter>Source Files</Filter>
    </ClCompile>
    <ClCompile Include="T:\Kyle_Shepherd\games\Beyond-All-Reason\data\games\spring\rts\Lua\LuaConstGL.cpp">
      <Filter>Source Files</Filter>
    </ClCompile>
    <ClCompile Include="T:\Kyle_Shepherd\games\Beyond-All-Reason\data\games\spring\rts\Lua\LuaConstEngine.cpp">
      <Filter>Source Files</Filter>
    </ClCompile>
    <ClCompile Include="T:\Kyle_Shepherd\games\Beyond-All-Reason\data\games\spring\rts\Lua\LuaConstGame.cpp">
      <Filter>Source Files</Filter>
    </ClCompile>
    <ClCompile Include="T:\Kyle_Shepherd\games\Beyond-All-Reason\data\games\spring\rts\Lua\LuaConstPlatform.cpp">
      <Filter>Source Files</Filter>
    </ClCompile>
    <ClCompile Include="T:\Kyle_Shepherd\games\Beyond-All-Reason\data\games\spring\rts\Lua\LuaVFSDownload.cpp">
      <Filter>Source Files</Filter>
    </ClCompile>
    <ClCompile Include="T:\Kyle_Shepherd\games\Beyond-All-Reason\data\games\spring\rts\Lua\LuaFBOs.cpp">
      <Filter>Source Files</Filter>
    </ClCompile>
    <ClCompile Include="T:\Kyle_Shepherd\games\Beyond-All-Reason\data\games\spring\rts\Lua\LuaFeatureDefs.cpp">
      <Filter>Source Files</Filter>
    </ClCompile>
    <ClCompile Include="T:\Kyle_Shepherd\games\Beyond-All-Reason\data\games\spring\rts\Lua\LuaFonts.cpp">
      <Filter>Source Files</Filter>
    </ClCompile>
    <ClCompile Include="T:\Kyle_Shepherd\games\Beyond-All-Reason\data\games\spring\rts\Lua\LuaGaia.cpp">
      <Filter>Source Files</Filter>
    </ClCompile>
    <ClCompile Include="T:\Kyle_Shepherd\games\Beyond-All-Reason\data\games\spring\rts\Lua\LuaHandle.cpp">
      <Filter>Source Files</Filter>
    </ClCompile>
    <ClCompile Include="T:\Kyle_Shepherd\games\Beyond-All-Reason\data\games\spring\rts\Lua\LuaHandleSynced.cpp">
      <Filter>Source Files</Filter>
    </ClCompile>
    <ClCompile Include="T:\Kyle_Shepherd\games\Beyond-All-Reason\data\games\spring\rts\Lua\LuaIO.cpp">
      <Filter>Source Files</Filter>
    </ClCompile>
    <ClCompile Include="T:\Kyle_Shepherd\games\Beyond-All-Reason\data\games\spring\rts\Lua\LuaInputReceiver.cpp">
      <Filter>Source Files</Filter>
    </ClCompile>
    <ClCompile Include="T:\Kyle_Shepherd\games\Beyond-All-Reason\data\games\spring\rts\Lua\LuaInterCall.cpp">
      <Filter>Source Files</Filter>
    </ClCompile>
    <ClCompile Include="T:\Kyle_Shepherd\games\Beyond-All-Reason\data\games\spring\rts\Lua\LuaIntro.cpp">
      <Filter>Source Files</Filter>
    </ClCompile>
    <ClCompile Include="T:\Kyle_Shepherd\games\Beyond-All-Reason\data\games\spring\rts\Lua\LuaMaterial.cpp">
      <Filter>Source Files</Filter>
    </ClCompile>
    <ClCompile Include="T:\Kyle_Shepherd\games\Beyond-All-Reason\data\games\spring\rts\Lua\LuaMathExtra.cpp">
      <Filter>Source Files</Filter>
    </ClCompile>
    <ClCompile Include="T:\Kyle_Shepherd\games\Beyond-All-Reason\data\games\spring\rts\Lua\LuaMemPool.cpp">
      <Filter>Source Files</Filter>
    </ClCompile>
    <ClCompile Include="T:\Kyle_Shepherd\games\Beyond-All-Reason\data\games\spring\rts\Lua\LuaMenu.cpp">
      <Filter>Source Files</Filter>
    </ClCompile>
    <ClCompile Include="T:\Kyle_Shepherd\games\Beyond-All-Reason\data\games\spring\rts\Lua\LuaMetalMap.cpp">
      <Filter>Source Files</Filter>
    </ClCompile>
    <ClCompile Include="T:\Kyle_Shepherd\games\Beyond-All-Reason\data\games\spring\rts\Lua\LuaObjectRendering.cpp">
      <Filter>Source Files</Filter>
    </ClCompile>
    <ClCompile Include="T:\Kyle_Shepherd\games\Beyond-All-Reason\data\games\spring\rts\Lua\LuaOpenGL.cpp">
      <Filter>Source Files</Filter>
    </ClCompile>
    <ClCompile Include="T:\Kyle_Shepherd\games\Beyond-All-Reason\data\games\spring\rts\Lua\LuaOpenGLUtils.cpp">
      <Filter>Source Files</Filter>
    </ClCompile>
    <ClCompile Include="T:\Kyle_Shepherd\games\Beyond-All-Reason\data\games\spring\rts\Lua\LuaParser.cpp">
      <Filter>Source Files</Filter>
    </ClCompile>
    <ClCompile Include="T:\Kyle_Shepherd\games\Beyond-All-Reason\data\games\spring\rts\Lua\LuaPathFinder.cpp">
      <Filter>Source Files</Filter>
    </ClCompile>
    <ClCompile Include="T:\Kyle_Shepherd\games\Beyond-All-Reason\data\games\spring\rts\Lua\LuaRBOs.cpp">
      <Filter>Source Files</Filter>
    </ClCompile>
    <ClCompile Include="T:\Kyle_Shepherd\games\Beyond-All-Reason\data\games\spring\rts\Lua\LuaRules.cpp">
      <Filter>Source Files</Filter>
    </ClCompile>
    <ClCompile Include="T:\Kyle_Shepherd\games\Beyond-All-Reason\data\games\spring\rts\Lua\LuaRulesParams.cpp">
      <Filter>Source Files</Filter>
    </ClCompile>
    <ClCompile Include="T:\Kyle_Shepherd\games\Beyond-All-Reason\data\games\spring\rts\Lua\LuaScream.cpp">
      <Filter>Source Files</Filter>
    </ClCompile>
    <ClCompile Include="T:\Kyle_Shepherd\games\Beyond-All-Reason\data\games\spring\rts\Lua\LuaShaders.cpp">
      <Filter>Source Files</Filter>
    </ClCompile>
    <ClCompile Include="T:\Kyle_Shepherd\games\Beyond-All-Reason\data\games\spring\rts\Lua\LuaSyncedCtrl.cpp">
      <Filter>Source Files</Filter>
    </ClCompile>
    <ClCompile Include="T:\Kyle_Shepherd\games\Beyond-All-Reason\data\games\spring\rts\Lua\LuaSyncedMoveCtrl.cpp">
      <Filter>Source Files</Filter>
    </ClCompile>
    <ClCompile Include="T:\Kyle_Shepherd\games\Beyond-All-Reason\data\games\spring\rts\Lua\LuaSyncedRead.cpp">
      <Filter>Source Files</Filter>
    </ClCompile>
    <ClCompile Include="T:\Kyle_Shepherd\games\Beyond-All-Reason\data\games\spring\rts\Lua\LuaSyncedTable.cpp">
      <Filter>Source Files</Filter>
    </ClCompile>
    <ClCompile Include="T:\Kyle_Shepherd\games\Beyond-All-Reason\data\games\spring\rts\Lua\LuaTextures.cpp">
      <Filter>Source Files</Filter>
    </ClCompile>
    <ClCompile Include="T:\Kyle_Shepherd\games\Beyond-All-Reason\data\games\spring\rts\Lua\LuaAtlasTextures.cpp">
      <Filter>Source Files</Filter>
    </ClCompile>
    <ClCompile Include="T:\Kyle_Shepherd\games\Beyond-All-Reason\data\games\spring\rts\Lua\LuaUI.cpp">
      <Filter>Source Files</Filter>
    </ClCompile>
    <ClCompile Include="T:\Kyle_Shepherd\games\Beyond-All-Reason\data\games\spring\rts\Lua\LuaUICommand.cpp">
      <Filter>Source Files</Filter>
    </ClCompile>
    <ClCompile Include="T:\Kyle_Shepherd\games\Beyond-All-Reason\data\games\spring\rts\Lua\LuaUnitDefs.cpp">
      <Filter>Source Files</Filter>
    </ClCompile>
    <ClCompile Include="T:\Kyle_Shepherd\games\Beyond-All-Reason\data\games\spring\rts\Lua\LuaUnsyncedCtrl.cpp">
      <Filter>Source Files</Filter>
    </ClCompile>
    <ClCompile Include="T:\Kyle_Shepherd\games\Beyond-All-Reason\data\games\spring\rts\Lua\LuaUnsyncedRead.cpp">
      <Filter>Source Files</Filter>
    </ClCompile>
    <ClCompile Include="T:\Kyle_Shepherd\games\Beyond-All-Reason\data\games\spring\rts\Lua\LuaUtils.cpp">
      <Filter>Source Files</Filter>
    </ClCompile>
    <ClCompile Include="T:\Kyle_Shepherd\games\Beyond-All-Reason\data\games\spring\rts\Lua\LuaVFS.cpp">
      <Filter>Source Files</Filter>
    </ClCompile>
    <ClCompile Include="T:\Kyle_Shepherd\games\Beyond-All-Reason\data\games\spring\rts\Lua\LuaWeaponDefs.cpp">
      <Filter>Source Files</Filter>
    </ClCompile>
    <ClCompile Include="T:\Kyle_Shepherd\games\Beyond-All-Reason\data\games\spring\rts\Lua\LuaZip.cpp">
      <Filter>Source Files</Filter>
    </ClCompile>
    <ClCompile Include="T:\Kyle_Shepherd\games\Beyond-All-Reason\data\games\spring\rts\Lua\LuaVAO.cpp">
      <Filter>Source Files</Filter>
    </ClCompile>
    <ClCompile Include="T:\Kyle_Shepherd\games\Beyond-All-Reason\data\games\spring\rts\Lua\LuaVAOImpl.cpp">
      <Filter>Source Files</Filter>
    </ClCompile>
    <ClCompile Include="T:\Kyle_Shepherd\games\Beyond-All-Reason\data\games\spring\rts\Lua\LuaVBO.cpp">
      <Filter>Source Files</Filter>
    </ClCompile>
    <ClCompile Include="T:\Kyle_Shepherd\games\Beyond-All-Reason\data\games\spring\rts\Lua\LuaVBOImpl.cpp">
      <Filter>Source Files</Filter>
    </ClCompile>
    <ClCompile Include="T:\Kyle_Shepherd\games\Beyond-All-Reason\data\games\spring\rts\Lua\LuaMatrix.cpp">
      <Filter>Source Files</Filter>
    </ClCompile>
    <ClCompile Include="T:\Kyle_Shepherd\games\Beyond-All-Reason\data\games\spring\rts\Lua\LuaMatrixImpl.cpp">
      <Filter>Source Files</Filter>
    </ClCompile>
    <ClCompile Include="T:\Kyle_Shepherd\games\Beyond-All-Reason\data\games\spring\rts\Map\BaseGroundDrawer.cpp">
      <Filter>Source Files</Filter>
    </ClCompile>
    <ClCompile Include="T:\Kyle_Shepherd\games\Beyond-All-Reason\data\games\spring\rts\Map\BasicMapDamage.cpp">
      <Filter>Source Files</Filter>
    </ClCompile>
    <ClCompile Include="T:\Kyle_Shepherd\games\Beyond-All-Reason\data\games\spring\rts\Map\Ground.cpp">
      <Filter>Source Files</Filter>
    </ClCompile>
    <ClCompile Include="T:\Kyle_Shepherd\games\Beyond-All-Reason\data\games\spring\rts\Map\HeightLinePalette.cpp">
      <Filter>Source Files</Filter>
    </ClCompile>
    <ClCompile Include="T:\Kyle_Shepherd\games\Beyond-All-Reason\data\games\spring\rts\Map\HeightMapTexture.cpp">
      <Filter>Source Files</Filter>
    </ClCompile>
    <ClCompile Include="T:\Kyle_Shepherd\games\Beyond-All-Reason\data\games\spring\rts\Map\MapDamage.cpp">
      <Filter>Source Files</Filter>
    </ClCompile>
    <ClCompile Include="T:\Kyle_Shepherd\games\Beyond-All-Reason\data\games\spring\rts\Map\MapInfo.cpp">
      <Filter>Source Files</Filter>
    </ClCompile>
    <ClCompile Include="T:\Kyle_Shepherd\games\Beyond-All-Reason\data\games\spring\rts\Map\MapParser.cpp">
      <Filter>Source Files</Filter>
    </ClCompile>
    <ClCompile Include="T:\Kyle_Shepherd\games\Beyond-All-Reason\data\games\spring\rts\Map\MetalMap.cpp">
      <Filter>Source Files</Filter>
    </ClCompile>
    <ClCompile Include="T:\Kyle_Shepherd\games\Beyond-All-Reason\data\games\spring\rts\Map\ReadMap.cpp">
      <Filter>Source Files</Filter>
    </ClCompile>
    <ClCompile Include="T:\Kyle_Shepherd\games\Beyond-All-Reason\data\games\spring\rts\Map\Generation\MapGenerator.cpp">
      <Filter>Source Files</Filter>
    </ClCompile>
    <ClCompile Include="T:\Kyle_Shepherd\games\Beyond-All-Reason\data\games\spring\rts\Map\Generation\SimpleMapGenerator.cpp">
      <Filter>Source Files</Filter>
    </ClCompile>
    <ClCompile Include="T:\Kyle_Shepherd\games\Beyond-All-Reason\data\games\spring\rts\Map\SMF\SMFGroundDrawer.cpp">
      <Filter>Source Files</Filter>
    </ClCompile>
    <ClCompile Include="T:\Kyle_Shepherd\games\Beyond-All-Reason\data\games\spring\rts\Map\SMF\SMFGroundTextures.cpp">
      <Filter>Source Files</Filter>
    </ClCompile>
    <ClCompile Include="T:\Kyle_Shepherd\games\Beyond-All-Reason\data\games\spring\rts\Map\SMF\SMFMapFile.cpp">
      <Filter>Source Files</Filter>
    </ClCompile>
    <ClCompile Include="T:\Kyle_Shepherd\games\Beyond-All-Reason\data\games\spring\rts\Map\SMF\SMFReadMap.cpp">
      <Filter>Source Files</Filter>
    </ClCompile>
    <ClCompile Include="T:\Kyle_Shepherd\games\Beyond-All-Reason\data\games\spring\rts\Map\SMF\SMFRenderState.cpp">
      <Filter>Source Files</Filter>
    </ClCompile>
    <ClCompile Include="T:\Kyle_Shepherd\games\Beyond-All-Reason\data\games\spring\rts\Map\SMF\Basic\BasicMeshDrawer.cpp">
      <Filter>Source Files</Filter>
    </ClCompile>
    <ClCompile Include="T:\Kyle_Shepherd\games\Beyond-All-Reason\data\games\spring\rts\Map\SMF\ROAM\Patch.cpp">
      <Filter>Source Files</Filter>
    </ClCompile>
    <ClCompile Include="T:\Kyle_Shepherd\games\Beyond-All-Reason\data\games\spring\rts\Map\SMF\ROAM\RoamMeshDrawer.cpp">
      <Filter>Source Files</Filter>
    </ClCompile>
    <ClCompile Include="T:\Kyle_Shepherd\games\Beyond-All-Reason\data\games\spring\rts\Rendering\AVIGenerator.cpp">
      <Filter>Source Files</Filter>
    </ClCompile>
    <ClCompile Include="T:\Kyle_Shepherd\games\Beyond-All-Reason\data\games\spring\rts\Rendering\DebugColVolDrawer.cpp">
      <Filter>Source Files</Filter>
    </ClCompile>
    <ClCompile Include="T:\Kyle_Shepherd\games\Beyond-All-Reason\data\games\spring\rts\Rendering\DebugVisibilityDrawer.cpp">
      <Filter>Source Files</Filter>
    </ClCompile>
    <ClCompile Include="T:\Kyle_Shepherd\games\Beyond-All-Reason\data\games\spring\rts\Rendering\DebugDrawerAI.cpp">
      <Filter>Source Files</Filter>
    </ClCompile>
    <ClCompile Include="T:\Kyle_Shepherd\games\Beyond-All-Reason\data\games\spring\rts\Rendering\QTPFSPathDrawer.cpp">
      <Filter>Source Files</Filter>
    </ClCompile>
    <ClCompile Include="T:\Kyle_Shepherd\games\Beyond-All-Reason\data\games\spring\rts\Rendering\HAPFSPathDrawer.cpp">
      <Filter>Source Files</Filter>
    </ClCompile>
    <ClCompile Include="T:\Kyle_Shepherd\games\Beyond-All-Reason\data\games\spring\rts\Rendering\Env\AdvWater.cpp">
      <Filter>Source Files</Filter>
    </ClCompile>
    <ClCompile Include="T:\Kyle_Shepherd\games\Beyond-All-Reason\data\games\spring\rts\Rendering\Env\IGroundDecalDrawer.cpp">
      <Filter>Source Files</Filter>
    </ClCompile>
    <ClCompile Include="T:\Kyle_Shepherd\games\Beyond-All-Reason\data\games\spring\rts\Rendering\Env\ISky.cpp">
      <Filter>Source Files</Filter>
    </ClCompile>
    <ClCompile Include="T:\Kyle_Shepherd\games\Beyond-All-Reason\data\games\spring\rts\Rendering\Env\IWater.cpp">
      <Filter>Source Files</Filter>
    </ClCompile>
    <ClCompile Include="T:\Kyle_Shepherd\games\Beyond-All-Reason\data\games\spring\rts\Rendering\Env\BasicWater.cpp">
      <Filter>Source Files</Filter>
    </ClCompile>
    <ClCompile Include="T:\Kyle_Shepherd\games\Beyond-All-Reason\data\games\spring\rts\Rendering\Env\BumpWater.cpp">
      <Filter>Source Files</Filter>
    </ClCompile>
    <ClCompile Include="T:\Kyle_Shepherd\games\Beyond-All-Reason\data\games\spring\rts\Rendering\Env\CubeMapHandler.cpp">
      <Filter>Source Files</Filter>
    </ClCompile>
    <ClCompile Include="T:\Kyle_Shepherd\games\Beyond-All-Reason\data\games\spring\rts\Rendering\Env\DebugCubeMapTexture.cpp">
      <Filter>Source Files</Filter>
    </ClCompile>
    <ClCompile Include="T:\Kyle_Shepherd\games\Beyond-All-Reason\data\games\spring\rts\Rendering\Env\DynWater.cpp">
      <Filter>Source Files</Filter>
    </ClCompile>
    <ClCompile Include="T:\Kyle_Shepherd\games\Beyond-All-Reason\data\games\spring\rts\Rendering\Env\GrassDrawer.cpp">
      <Filter>Source Files</Filter>
    </ClCompile>
    <ClCompile Include="T:\Kyle_Shepherd\games\Beyond-All-Reason\data\games\spring\rts\Rendering\Env\MapRendering.cpp">
      <Filter>Source Files</Filter>
    </ClCompile>
    <ClCompile Include="T:\Kyle_Shepherd\games\Beyond-All-Reason\data\games\spring\rts\Rendering\Env\ModernSky.cpp">
      <Filter>Source Files</Filter>
    </ClCompile>
    <ClCompile Include="T:\Kyle_Shepherd\games\Beyond-All-Reason\data\games\spring\rts\Rendering\Env\NullSky.cpp">
      <Filter>Source Files</Filter>
    </ClCompile>
    <ClCompile Include="T:\Kyle_Shepherd\games\Beyond-All-Reason\data\games\spring\rts\Rendering\Env\RefractWater.cpp">
      <Filter>Source Files</Filter>
    </ClCompile>
    <ClCompile Include="T:\Kyle_Shepherd\games\Beyond-All-Reason\data\games\spring\rts\Rendering\Env\SkyBox.cpp">
      <Filter>Source Files</Filter>
    </ClCompile>
    <ClCompile Include="T:\Kyle_Shepherd\games\Beyond-All-Reason\data\games\spring\rts\Rendering\Env\SkyLight.cpp">
      <Filter>Source Files</Filter>
    </ClCompile>
    <ClCompile Include="T:\Kyle_Shepherd\games\Beyond-All-Reason\data\games\spring\rts\Rendering\Env\SunLighting.cpp">
      <Filter>Source Files</Filter>
    </ClCompile>
    <ClCompile Include="T:\Kyle_Shepherd\games\Beyond-All-Reason\data\games\spring\rts\Rendering\Env\WaterRendering.cpp">
      <Filter>Source Files</Filter>
    </ClCompile>
    <ClCompile Include="T:\Kyle_Shepherd\games\Beyond-All-Reason\data\games\spring\rts\Rendering\Env\Decals\GroundDecalHandler.cpp">
      <Filter>Source Files</Filter>
    </ClCompile>
    <ClCompile Include="T:\Kyle_Shepherd\games\Beyond-All-Reason\data\games\spring\rts\Rendering\Env\Decals\DecalsDrawerGL4.cpp">
      <Filter>Source Files</Filter>
    </ClCompile>
    <ClCompile Include="T:\Kyle_Shepherd\games\Beyond-All-Reason\data\games\spring\rts\Rendering\Env\Decals\LegacyTrackHandler.cpp">
      <Filter>Source Files</Filter>
    </ClCompile>
    <ClCompile Include="T:\Kyle_Shepherd\games\Beyond-All-Reason\data\games\spring\rts\Rendering\Env\Particles\ProjectileDrawer.cpp">
      <Filter>Source Files</Filter>
    </ClCompile>
    <ClCompile Include="T:\Kyle_Shepherd\games\Beyond-All-Reason\data\games\spring\rts\Rendering\Env\Particles\Classes\BitmapMuzzleFlame.cpp">
      <Filter>Source Files</Filter>
    </ClCompile>
    <ClCompile Include="T:\Kyle_Shepherd\games\Beyond-All-Reason\data\games\spring\rts\Rendering\Env\Particles\Classes\BubbleProjectile.cpp">
      <Filter>Source Files</Filter>
    </ClCompile>
    <ClCompile Include="T:\Kyle_Shepherd\games\Beyond-All-Reason\data\games\spring\rts\Rendering\Env\Particles\Classes\DirtProjectile.cpp">
      <Filter>Source Files</Filter>
    </ClCompile>
    <ClCompile Include="T:\Kyle_Shepherd\games\Beyond-All-Reason\data\games\spring\rts\Rendering\Env\Particles\Classes\ExploSpikeProjectile.cpp">
      <Filter>Source Files</Filter>
    </ClCompile>
    <ClCompile Include="T:\Kyle_Shepherd\games\Beyond-All-Reason\data\games\spring\rts\Rendering\Env\Particles\Classes\FlyingPiece.cpp">
      <Filter>Source Files</Filter>
    </ClCompile>
    <ClCompile Include="T:\Kyle_Shepherd\games\Beyond-All-Reason\data\games\spring\rts\Rendering\Env\Particles\Classes\GenericParticleProjectile.cpp">
      <Filter>Source Files</Filter>
    </ClCompile>
    <ClCompile Include="T:\Kyle_Shepherd\games\Beyond-All-Reason\data\games\spring\rts\Rendering\Env\Particles\Classes\GeoSquareProjectile.cpp">
      <Filter>Source Files</Filter>
    </ClCompile>
    <ClCompile Include="T:\Kyle_Shepherd\games\Beyond-All-Reason\data\games\spring\rts\Rendering\Env\Particles\Classes\GeoThermSmokeProjectile.cpp">
      <Filter>Source Files</Filter>
    </ClCompile>
    <ClCompile Include="T:\Kyle_Shepherd\games\Beyond-All-Reason\data\games\spring\rts\Rendering\Env\Particles\Classes\NanoProjectile.cpp">
      <Filter>Source Files</Filter>
    </ClCompile>
    <ClCompile Include="T:\Kyle_Shepherd\games\Beyond-All-Reason\data\games\spring\rts\Rendering\Env\Particles\Classes\HeatCloudProjectile.cpp">
      <Filter>Source Files</Filter>
    </ClCompile>
    <ClCompile Include="T:\Kyle_Shepherd\games\Beyond-All-Reason\data\games\spring\rts\Rendering\Env\Particles\Classes\MuzzleFlame.cpp">
      <Filter>Source Files</Filter>
    </ClCompile>
    <ClCompile Include="T:\Kyle_Shepherd\games\Beyond-All-Reason\data\games\spring\rts\Rendering\Env\Particles\Classes\RepulseGfx.cpp">
      <Filter>Source Files</Filter>
    </ClCompile>
    <ClCompile Include="T:\Kyle_Shepherd\games\Beyond-All-Reason\data\games\spring\rts\Rendering\Env\Particles\Classes\SimpleParticleSystem.cpp">
      <Filter>Source Files</Filter>
    </ClCompile>
    <ClCompile Include="T:\Kyle_Shepherd\games\Beyond-All-Reason\data\games\spring\rts\Rendering\Env\Particles\Classes\ShieldSegmentProjectile.cpp">
      <Filter>Source Files</Filter>
    </ClCompile>
    <ClCompile Include="T:\Kyle_Shepherd\games\Beyond-All-Reason\data\games\spring\rts\Rendering\Env\Particles\Classes\SmokeProjectile.cpp">
      <Filter>Source Files</Filter>
    </ClCompile>
    <ClCompile Include="T:\Kyle_Shepherd\games\Beyond-All-Reason\data\games\spring\rts\Rendering\Env\Particles\Classes\SmokeProjectile2.cpp">
      <Filter>Source Files</Filter>
    </ClCompile>
    <ClCompile Include="T:\Kyle_Shepherd\games\Beyond-All-Reason\data\games\spring\rts\Rendering\Env\Particles\Classes\SmokeTrailProjectile.cpp">
      <Filter>Source Files</Filter>
    </ClCompile>
    <ClCompile Include="T:\Kyle_Shepherd\games\Beyond-All-Reason\data\games\spring\rts\Rendering\Env\Particles\Classes\SpherePartProjectile.cpp">
      <Filter>Source Files</Filter>
    </ClCompile>
    <ClCompile Include="T:\Kyle_Shepherd\games\Beyond-All-Reason\data\games\spring\rts\Rendering\Env\Particles\Classes\TracerProjectile.cpp">
      <Filter>Source Files</Filter>
    </ClCompile>
    <ClCompile Include="T:\Kyle_Shepherd\games\Beyond-All-Reason\data\games\spring\rts\Rendering\Env\Particles\Classes\WakeProjectile.cpp">
      <Filter>Source Files</Filter>
    </ClCompile>
    <ClCompile Include="T:\Kyle_Shepherd\games\Beyond-All-Reason\data\games\spring\rts\Rendering\Env\Particles\Classes\WreckProjectile.cpp">
      <Filter>Source Files</Filter>
    </ClCompile>
    <ClCompile Include="T:\Kyle_Shepherd\games\Beyond-All-Reason\data\games\spring\rts\Rendering\GL\FBO.cpp">
      <Filter>Source Files</Filter>
    </ClCompile>
    <ClCompile Include="T:\Kyle_Shepherd\games\Beyond-All-Reason\data\games\spring\rts\Rendering\GL\StreamBuffer.cpp">
      <Filter>Source Files</Filter>
    </ClCompile>
    <ClCompile Include="T:\Kyle_Shepherd\games\Beyond-All-Reason\data\games\spring\rts\Rendering\GL\GeometryBuffer.cpp">
      <Filter>Source Files</Filter>
    </ClCompile>
    <ClCompile Include="T:\Kyle_Shepherd\games\Beyond-All-Reason\data\games\spring\rts\Rendering\GL\FixedPipelineState.cpp">
      <Filter>Source Files</Filter>
    </ClCompile>
    <ClCompile Include="T:\Kyle_Shepherd\games\Beyond-All-Reason\data\games\spring\rts\Rendering\GL\glStateDebug.cpp">
      <Filter>Source Files</Filter>
    </ClCompile>
    <ClCompile Include="T:\Kyle_Shepherd\games\Beyond-All-Reason\data\games\spring\rts\Rendering\GL\LightHandler.cpp">
      <Filter>Source Files</Filter>
    </ClCompile>
    <ClCompile Include="T:\Kyle_Shepherd\games\Beyond-All-Reason\data\games\spring\rts\Rendering\GL\VertexArray.cpp">
      <Filter>Source Files</Filter>
    </ClCompile>
    <ClCompile Include="T:\Kyle_Shepherd\games\Beyond-All-Reason\data\games\spring\rts\Rendering\GL\VertexArrayTypes.cpp">
      <Filter>Source Files</Filter>
    </ClCompile>
    <ClCompile Include="T:\Kyle_Shepherd\games\Beyond-All-Reason\data\games\spring\rts\Rendering\GL\RenderBuffers.cpp">
      <Filter>Source Files</Filter>
    </ClCompile>
    <ClCompile Include="T:\Kyle_Shepherd\games\Beyond-All-Reason\data\games\spring\rts\Rendering\GL\VBO.cpp">
      <Filter>Source Files</Filter>
    </ClCompile>
    <ClCompile Include="T:\Kyle_Shepherd\games\Beyond-All-Reason\data\games\spring\rts\Rendering\GL\VAO.cpp">
      <Filter>Source Files</Filter>
    </ClCompile>
    <ClCompile Include="T:\Kyle_Shepherd\games\Beyond-All-Reason\data\games\spring\rts\Rendering\GL\glExtra.cpp">
      <Filter>Source Files</Filter>
    </ClCompile>
    <ClCompile Include="T:\Kyle_Shepherd\games\Beyond-All-Reason\data\games\spring\rts\Rendering\GL\myGL.cpp">
      <Filter>Source Files</Filter>
    </ClCompile>
    <ClCompile Include="T:\Kyle_Shepherd\games\Beyond-All-Reason\data\games\spring\rts\Rendering\VK\VkInit.cpp">
      <Filter>Source Files</Filter>
    </ClCompile>
    <ClCompile Include="T:\Kyle_Shepherd\games\Beyond-All-Reason\data\games\spring\rts\Rendering\VK\VkInfo.cpp">
      <Filter>Source Files</Filter>
    </ClCompile>
    <ClCompile Include="T:\Kyle_Shepherd\games\Beyond-All-Reason\data\games\spring\rts\Rendering\GlobalRendering.cpp">
      <Filter>Source Files</Filter>
    </ClCompile>
    <ClCompile Include="T:\Kyle_Shepherd\games\Beyond-All-Reason\data\games\spring\rts\Rendering\GroundFlash.cpp">
      <Filter>Source Files</Filter>
    </ClCompile>
    <ClCompile Include="T:\Kyle_Shepherd\games\Beyond-All-Reason\data\games\spring\rts\Rendering\CommandDrawer.cpp">
      <Filter>Source Files</Filter>
    </ClCompile>
    <ClCompile Include="T:\Kyle_Shepherd\games\Beyond-All-Reason\data\games\spring\rts\Rendering\HUDDrawer.cpp">
      <Filter>Source Files</Filter>
    </ClCompile>
    <ClCompile Include="T:\Kyle_Shepherd\games\Beyond-All-Reason\data\games\spring\rts\Rendering\IPathDrawer.cpp">
      <Filter>Source Files</Filter>
    </ClCompile>
    <ClCompile Include="T:\Kyle_Shepherd\games\Beyond-All-Reason\data\games\spring\rts\Rendering\IconHandler.cpp">
      <Filter>Source Files</Filter>
    </ClCompile>
    <ClCompile Include="T:\Kyle_Shepherd\games\Beyond-All-Reason\data\games\spring\rts\Rendering\InMapDrawView.cpp">
      <Filter>Source Files</Filter>
    </ClCompile>
    <ClCompile Include="T:\Kyle_Shepherd\games\Beyond-All-Reason\data\games\spring\rts\Rendering\LineDrawer.cpp">
      <Filter>Source Files</Filter>
    </ClCompile>
    <ClCompile Include="T:\Kyle_Shepherd\games\Beyond-All-Reason\data\games\spring\rts\Rendering\LuaObjectDrawer.cpp">
      <Filter>Source Files</Filter>
    </ClCompile>
    <ClCompile Include="T:\Kyle_Shepherd\games\Beyond-All-Reason\data\games\spring\rts\Rendering\SmoothHeightMeshDrawer.cpp">
      <Filter>Source Files</Filter>
    </ClCompile>
    <ClCompile Include="T:\Kyle_Shepherd\games\Beyond-All-Reason\data\games\spring\rts\Rendering\Map\InfoTexture\InfoTexture.cpp">
      <Filter>Source Files</Filter>
    </ClCompile>
    <ClCompile Include="T:\Kyle_Shepherd\games\Beyond-All-Reason\data\games\spring\rts\Rendering\Map\InfoTexture\IInfoTextureHandler.cpp">
      <Filter>Source Files</Filter>
    </ClCompile>
    <ClCompile Include="T:\Kyle_Shepherd\games\Beyond-All-Reason\data\games\spring\rts\Rendering\Map\InfoTexture\Legacy\LegacyInfoTextureHandler.cpp">
      <Filter>Source Files</Filter>
    </ClCompile>
    <ClCompile Include="T:\Kyle_Shepherd\games\Beyond-All-Reason\data\games\spring\rts\Rendering\Map\InfoTexture\Modern\AirLos.cpp">
      <Filter>Source Files</Filter>
    </ClCompile>
    <ClCompile Include="T:\Kyle_Shepherd\games\Beyond-All-Reason\data\games\spring\rts\Rendering\Map\InfoTexture\Modern\Combiner.cpp">
      <Filter>Source Files</Filter>
    </ClCompile>
    <ClCompile Include="T:\Kyle_Shepherd\games\Beyond-All-Reason\data\games\spring\rts\Rendering\Map\InfoTexture\Modern\Height.cpp">
      <Filter>Source Files</Filter>
    </ClCompile>
    <ClCompile Include="T:\Kyle_Shepherd\games\Beyond-All-Reason\data\games\spring\rts\Rendering\Map\InfoTexture\Modern\InfoTextureHandler.cpp">
      <Filter>Source Files</Filter>
    </ClCompile>
    <ClCompile Include="T:\Kyle_Shepherd\games\Beyond-All-Reason\data\games\spring\rts\Rendering\Map\InfoTexture\Modern\Los.cpp">
      <Filter>Source Files</Filter>
    </ClCompile>
    <ClCompile Include="T:\Kyle_Shepherd\games\Beyond-All-Reason\data\games\spring\rts\Rendering\Map\InfoTexture\Modern\Metal.cpp">
      <Filter>Source Files</Filter>
    </ClCompile>
    <ClCompile Include="T:\Kyle_Shepherd\games\Beyond-All-Reason\data\games\spring\rts\Rendering\Map\InfoTexture\Modern\MetalExtraction.cpp">
      <Filter>Source Files</Filter>
    </ClCompile>
    <ClCompile Include="T:\Kyle_Shepherd\games\Beyond-All-Reason\data\games\spring\rts\Rendering\Map\InfoTexture\Modern\Path.cpp">
      <Filter>Source Files</Filter>
    </ClCompile>
    <ClCompile Include="T:\Kyle_Shepherd\games\Beyond-All-Reason\data\games\spring\rts\Rendering\Map\InfoTexture\Modern\PboInfoTexture.cpp">
      <Filter>Source Files</Filter>
    </ClCompile>
    <ClCompile Include="T:\Kyle_Shepherd\games\Beyond-All-Reason\data\games\spring\rts\Rendering\Map\InfoTexture\Modern\Radar.cpp">
      <Filter>Source Files</Filter>
    </ClCompile>
    <ClCompile Include="T:\Kyle_Shepherd\games\Beyond-All-Reason\data\games\spring\rts\Rendering\Materials\CustomMaterial.cpp">
      <Filter>Source Files</Filter>
    </ClCompile>
    <ClCompile Include="T:\Kyle_Shepherd\games\Beyond-All-Reason\data\games\spring\rts\Rendering\Materials\CustomMaterialRenderer.cpp">
      <Filter>Source Files</Filter>
    </ClCompile>
    <ClCompile Include="T:\Kyle_Shepherd\games\Beyond-All-Reason\data\games\spring\rts\Rendering\Models\3DModel.cpp">
      <Filter>Source Files</Filter>
    </ClCompile>
    <ClCompile Include="T:\Kyle_Shepherd\games\Beyond-All-Reason\data\games\spring\rts\Rendering\Models\3DModelVAO.cpp">
      <Filter>Source Files</Filter>
    </ClCompile>
    <ClCompile Include="T:\Kyle_Shepherd\games\Beyond-All-Reason\data\games\spring\rts\Rendering\Models\3DOParser.cpp">
      <Filter>Source Files</Filter>
    </ClCompile>
    <ClCompile Include="T:\Kyle_Shepherd\games\Beyond-All-Reason\data\games\spring\rts\Rendering\Models\AssIO.cpp">
      <Filter>Source Files</Filter>
    </ClCompile>
    <ClCompile Include="T:\Kyle_Shepherd\games\Beyond-All-Reason\data\games\spring\rts\Rendering\Models\AssParser.cpp">
      <Filter>Source Files</Filter>
    </ClCompile>
    <ClCompile Include="T:\Kyle_Shepherd\games\Beyond-All-Reason\data\games\spring\rts\Rendering\Models\IModelParser.cpp">
      <Filter>Source Files</Filter>
    </ClCompile>
    <ClCompile Include="T:\Kyle_Shepherd\games\Beyond-All-Reason\data\games\spring\rts\Rendering\Models\S3OParser.cpp">
      <Filter>Source Files</Filter>
    </ClCompile>
    <ClCompile Include="T:\Kyle_Shepherd\games\Beyond-All-Reason\data\games\spring\rts\Rendering\Models\ModelsMemStorageDefs.cpp">
      <Filter>Source Files</Filter>
    </ClCompile>
    <ClCompile Include="T:\Kyle_Shepherd\games\Beyond-All-Reason\data\games\spring\rts\Rendering\Models\ModelsMemStorage.cpp">
      <Filter>Source Files</Filter>
    </ClCompile>
    <ClCompile Include="T:\Kyle_Shepherd\games\Beyond-All-Reason\data\games\spring\rts\Rendering\Screenshot.cpp">
      <Filter>Source Files</Filter>
    </ClCompile>
    <ClCompile Include="T:\Kyle_Shepherd\games\Beyond-All-Reason\data\games\spring\rts\Rendering\Shaders\GLSLCopyState.cpp">
      <Filter>Source Files</Filter>
    </ClCompile>
    <ClCompile Include="T:\Kyle_Shepherd\games\Beyond-All-Reason\data\games\spring\rts\Rendering\Shaders\LuaShaderContainer.cpp">
      <Filter>Source Files</Filter>
    </ClCompile>
    <ClCompile Include="T:\Kyle_Shepherd\games\Beyond-All-Reason\data\games\spring\rts\Rendering\Shaders\Shader.cpp">
      <Filter>Source Files</Filter>
    </ClCompile>
    <ClCompile Include="T:\Kyle_Shepherd\games\Beyond-All-Reason\data\games\spring\rts\Rendering\Shaders\ShaderHandler.cpp">
      <Filter>Source Files</Filter>
    </ClCompile>
    <ClCompile Include="T:\Kyle_Shepherd\games\Beyond-All-Reason\data\games\spring\rts\Rendering\Shaders\ShaderStates.cpp">
      <Filter>Source Files</Filter>
    </ClCompile>
    <ClCompile Include="T:\Kyle_Shepherd\games\Beyond-All-Reason\data\games\spring\rts\Rendering\ShadowHandler.cpp">
      <Filter>Source Files</Filter>
    </ClCompile>
    <ClCompile Include="T:\Kyle_Shepherd\games\Beyond-All-Reason\data\games\spring\rts\Rendering\TeamHighlight.cpp">
      <Filter>Source Files</Filter>
    </ClCompile>
    <ClCompile Include="T:\Kyle_Shepherd\games\Beyond-All-Reason\data\games\spring\rts\Rendering\Textures\3DOTextureHandler.cpp">
      <Filter>Source Files</Filter>
    </ClCompile>
    <ClCompile Include="T:\Kyle_Shepherd\games\Beyond-All-Reason\data\games\spring\rts\Rendering\Textures\Bitmap.cpp">
      <Filter>Source Files</Filter>
    </ClCompile>
    <ClCompile Include="T:\Kyle_Shepherd\games\Beyond-All-Reason\data\games\spring\rts\Rendering\Textures\ColorMap.cpp">
      <Filter>Source Files</Filter>
    </ClCompile>
    <ClCompile Include="T:\Kyle_Shepherd\games\Beyond-All-Reason\data\games\spring\rts\Rendering\Textures\LegacyAtlasAlloc.cpp">
      <Filter>Source Files</Filter>
    </ClCompile>
    <ClCompile Include="T:\Kyle_Shepherd\games\Beyond-All-Reason\data\games\spring\rts\Rendering\Textures\NamedTextures.cpp">
      <Filter>Source Files</Filter>
    </ClCompile>
    <ClCompile Include="T:\Kyle_Shepherd\games\Beyond-All-Reason\data\games\spring\rts\Rendering\Textures\S3OTextureHandler.cpp">
      <Filter>Source Files</Filter>
    </ClCompile>
    <ClCompile Include="T:\Kyle_Shepherd\games\Beyond-All-Reason\data\games\spring\rts\Rendering\Textures\TAPalette.cpp">
      <Filter>Source Files</Filter>
    </ClCompile>
    <ClCompile Include="T:\Kyle_Shepherd\games\Beyond-All-Reason\data\games\spring\rts\Rendering\Textures\TextureAtlas.cpp">
      <Filter>Source Files</Filter>
    </ClCompile>
    <ClCompile Include="T:\Kyle_Shepherd\games\Beyond-All-Reason\data\games\spring\rts\Rendering\Textures\TexturesSet.cpp">
      <Filter>Source Files</Filter>
    </ClCompile>
    <ClCompile Include="T:\Kyle_Shepherd\games\Beyond-All-Reason\data\games\spring\rts\Rendering\Textures\nv_dds.cpp">
      <Filter>Source Files</Filter>
    </ClCompile>
    <ClCompile Include="T:\Kyle_Shepherd\games\Beyond-All-Reason\data\games\spring\rts\Rendering\Textures\QuadtreeAtlasAlloc.cpp">
      <Filter>Source Files</Filter>
    </ClCompile>
    <ClCompile Include="T:\Kyle_Shepherd\games\Beyond-All-Reason\data\games\spring\rts\Rendering\Textures\RowAtlasAlloc.cpp">
      <Filter>Source Files</Filter>
    </ClCompile>
    <ClCompile Include="T:\Kyle_Shepherd\games\Beyond-All-Reason\data\games\spring\rts\Rendering\Common\ModelDrawer.cpp">
      <Filter>Source Files</Filter>
    </ClCompile>
    <ClCompile Include="T:\Kyle_Shepherd\games\Beyond-All-Reason\data\games\spring\rts\Rendering\Common\ModelDrawerData.cpp">
      <Filter>Source Files</Filter>
    </ClCompile>
    <ClCompile Include="T:\Kyle_Shepherd\games\Beyond-All-Reason\data\games\spring\rts\Rendering\Common\ModelDrawerState.cpp">
      <Filter>Source Files</Filter>
    </ClCompile>
    <ClCompile Include="T:\Kyle_Shepherd\games\Beyond-All-Reason\data\games\spring\rts\Rendering\Common\ModelDrawerHelpers.cpp">
      <Filter>Source Files</Filter>
    </ClCompile>
    <ClCompile Include="T:\Kyle_Shepherd\games\Beyond-All-Reason\data\games\spring\rts\Rendering\Features\FeatureDrawerData.cpp">
      <Filter>Source Files</Filter>
    </ClCompile>
    <ClCompile Include="T:\Kyle_Shepherd\games\Beyond-All-Reason\data\games\spring\rts\Rendering\Features\FeatureDrawer.cpp">
      <Filter>Source Files</Filter>
    </ClCompile>
    <ClCompile Include="T:\Kyle_Shepherd\games\Beyond-All-Reason\data\games\spring\rts\Rendering\Units\UnitDrawerData.cpp">
      <Filter>Source Files</Filter>
    </ClCompile>
    <ClCompile Include="T:\Kyle_Shepherd\games\Beyond-All-Reason\data\games\spring\rts\Rendering\Units\UnitDrawer.cpp">
      <Filter>Source Files</Filter>
    </ClCompile>
    <ClCompile Include="T:\Kyle_Shepherd\games\Beyond-All-Reason\data\games\spring\rts\Rendering\ModelsDataUploader.cpp">
      <Filter>Source Files</Filter>
    </ClCompile>
    <ClCompile Include="T:\Kyle_Shepherd\games\Beyond-All-Reason\data\games\spring\rts\Rendering\OGLDBInfo.cpp">
      <Filter>Source Files</Filter>
    </ClCompile>
    <ClCompile Include="T:\Kyle_Shepherd\games\Beyond-All-Reason\data\games\spring\rts\Rendering\UniformConstants.cpp">
      <Filter>Source Files</Filter>
    </ClCompile>
    <ClCompile Include="T:\Kyle_Shepherd\games\Beyond-All-Reason\data\games\spring\rts\Rendering\VerticalSync.cpp">
      <Filter>Source Files</Filter>
    </ClCompile>
    <ClCompile Include="T:\Kyle_Shepherd\games\Beyond-All-Reason\data\games\spring\rts\Rendering\WorldDrawer.cpp">
      <Filter>Source Files</Filter>
    </ClCompile>
    <ClCompile Include="T:\Kyle_Shepherd\games\Beyond-All-Reason\data\games\spring\rts\Rendering\Fonts\CFontTexture.cpp">
      <Filter>Source Files</Filter>
    </ClCompile>
    <ClCompile Include="T:\Kyle_Shepherd\games\Beyond-All-Reason\data\games\spring\rts\Rendering\Fonts\glFont.cpp">
      <Filter>Source Files</Filter>
    </ClCompile>
    <ClCompile Include="T:\Kyle_Shepherd\games\Beyond-All-Reason\data\games\spring\rts\Rendering\Fonts\glFontRenderer.cpp">
      <Filter>Source Files</Filter>
    </ClCompile>
    <ClCompile Include="T:\Kyle_Shepherd\games\Beyond-All-Reason\data\games\spring\rts\Rendering\Fonts\TextWrap.cpp">
      <Filter>Source Files</Filter>
    </ClCompile>
    <ClCompile Include="T:\Kyle_Shepherd\games\Beyond-All-Reason\data\games\spring\rts\aGui\Button.cpp">
      <Filter>Source Files</Filter>
    </ClCompile>
    <ClCompile Include="T:\Kyle_Shepherd\games\Beyond-All-Reason\data\games\spring\rts\aGui\Gui.cpp">
      <Filter>Source Files</Filter>
    </ClCompile>
    <ClCompile Include="T:\Kyle_Shepherd\games\Beyond-All-Reason\data\games\spring\rts\aGui\GuiElement.cpp">
      <Filter>Source Files</Filter>
    </ClCompile>
    <ClCompile Include="T:\Kyle_Shepherd\games\Beyond-All-Reason\data\games\spring\rts\aGui\HorizontalLayout.cpp">
      <Filter>Source Files</Filter>
    </ClCompile>
    <ClCompile Include="T:\Kyle_Shepherd\games\Beyond-All-Reason\data\games\spring\rts\aGui\LineEdit.cpp">
      <Filter>Source Files</Filter>
    </ClCompile>
    <ClCompile Include="T:\Kyle_Shepherd\games\Beyond-All-Reason\data\games\spring\rts\aGui\List.cpp">
      <Filter>Source Files</Filter>
    </ClCompile>
    <ClCompile Include="T:\Kyle_Shepherd\games\Beyond-All-Reason\data\games\spring\rts\aGui\Picture.cpp">
      <Filter>Source Files</Filter>
    </ClCompile>
    <ClCompile Include="T:\Kyle_Shepherd\games\Beyond-All-Reason\data\games\spring\rts\aGui\TextElement.cpp">
      <Filter>Source Files</Filter>
    </ClCompile>
    <ClCompile Include="T:\Kyle_Shepherd\games\Beyond-All-Reason\data\games\spring\rts\aGui\VerticalLayout.cpp">
      <Filter>Source Files</Filter>
    </ClCompile>
    <ClCompile Include="T:\Kyle_Shepherd\games\Beyond-All-Reason\data\games\spring\rts\aGui\Window.cpp">
      <Filter>Source Files</Filter>
    </ClCompile>
    <ClCompile Include="T:\Kyle_Shepherd\games\Beyond-All-Reason\data\games\spring\rts\Menu\LuaMenuController.cpp">
      <Filter>Source Files</Filter>
    </ClCompile>
    <ClCompile Include="T:\Kyle_Shepherd\games\Beyond-All-Reason\data\games\spring\rts\Menu\SelectMenu.cpp">
      <Filter>Source Files</Filter>
    </ClCompile>
    <ClCompile Include="T:\Kyle_Shepherd\games\Beyond-All-Reason\data\games\spring\rts\Menu\SelectionWidget.cpp">
      <Filter>Source Files</Filter>
    </ClCompile>
    <ClCompile Include="T:\Kyle_Shepherd\games\Beyond-All-Reason\data\games\spring\rts\System\AABB.cpp">
      <Filter>Source Files</Filter>
    </ClCompile>
    <ClCompile Include="T:\Kyle_Shepherd\games\Beyond-All-Reason\data\games\spring\rts\System\AIScriptHandler.cpp">
      <Filter>Source Files</Filter>
    </ClCompile>
    <ClCompile Include="T:\Kyle_Shepherd\games\Beyond-All-Reason\data\games\spring\rts\System\Color.cpp">
      <Filter>Source Files</Filter>
    </ClCompile>
    <ClCompile Include="T:\Kyle_Shepherd\games\Beyond-All-Reason\data\games\spring\rts\System\Config\ConfigHandler.cpp">
      <Filter>Source Files</Filter>
    </ClCompile>
    <ClCompile Include="T:\Kyle_Shepherd\games\Beyond-All-Reason\data\games\spring\rts\System\Config\ConfigLocater.cpp">
      <Filter>Source Files</Filter>
    </ClCompile>
    <ClCompile Include="T:\Kyle_Shepherd\games\Beyond-All-Reason\data\games\spring\rts\System\Config\ConfigSource.cpp">
      <Filter>Source Files</Filter>
    </ClCompile>
    <ClCompile Include="T:\Kyle_Shepherd\games\Beyond-All-Reason\data\games\spring\rts\System\Config\ConfigVariable.cpp">
      <Filter>Source Files</Filter>
    </ClCompile>
    <ClCompile Include="T:\Kyle_Shepherd\games\Beyond-All-Reason\data\games\spring\rts\System\CRC.cpp">
      <Filter>Source Files</Filter>
    </ClCompile>
    <ClCompile Include="T:\Kyle_Shepherd\games\Beyond-All-Reason\data\games\spring\rts\System\EventClient.cpp">
      <Filter>Source Files</Filter>
    </ClCompile>
    <ClCompile Include="T:\Kyle_Shepherd\games\Beyond-All-Reason\data\games\spring\rts\System\EventHandler.cpp">
      <Filter>Source Files</Filter>
    </ClCompile>
    <ClCompile Include="T:\Kyle_Shepherd\games\Beyond-All-Reason\data\games\spring\rts\System\GlobalConfig.cpp">
      <Filter>Source Files</Filter>
    </ClCompile>
    <ClCompile Include="T:\Kyle_Shepherd\games\Beyond-All-Reason\data\games\spring\rts\System\Info.cpp">
      <Filter>Source Files</Filter>
    </ClCompile>
    <ClCompile Include="T:\Kyle_Shepherd\games\Beyond-All-Reason\data\games\spring\rts\System\Input\InputHandler.cpp">
      <Filter>Source Files</Filter>
    </ClCompile>
    <ClCompile Include="T:\Kyle_Shepherd\games\Beyond-All-Reason\data\games\spring\rts\System\Input\KeyInput.cpp">
      <Filter>Source Files</Filter>
    </ClCompile>
    <ClCompile Include="T:\Kyle_Shepherd\games\Beyond-All-Reason\data\games\spring\rts\System\Input\MouseInput.cpp">
      <Filter>Source Files</Filter>
    </ClCompile>
    <ClCompile Include="T:\Kyle_Shepherd\games\Beyond-All-Reason\data\games\spring\rts\System\LoadSave\CregLoadSaveHandler.cpp">
      <Filter>Source Files</Filter>
    </ClCompile>
    <ClCompile Include="T:\Kyle_Shepherd\games\Beyond-All-Reason\data\games\spring\rts\System\LoadSave\Demo.cpp">
      <Filter>Source Files</Filter>
    </ClCompile>
    <ClCompile Include="T:\Kyle_Shepherd\games\Beyond-All-Reason\data\games\spring\rts\System\LoadSave\DemoReader.cpp">
      <Filter>Source Files</Filter>
    </ClCompile>
    <ClCompile Include="T:\Kyle_Shepherd\games\Beyond-All-Reason\data\games\spring\rts\System\LoadSave\DemoRecorder.cpp">
      <Filter>Source Files</Filter>
    </ClCompile>
    <ClCompile Include="T:\Kyle_Shepherd\games\Beyond-All-Reason\data\games\spring\rts\System\LoadSave\LoadSaveHandler.cpp">
      <Filter>Source Files</Filter>
    </ClCompile>
    <ClCompile Include="T:\Kyle_Shepherd\games\Beyond-All-Reason\data\games\spring\rts\System\LoadSave\LuaLoadSaveHandler.cpp">
      <Filter>Source Files</Filter>
    </ClCompile>
    <ClCompile Include="T:\Kyle_Shepherd\games\Beyond-All-Reason\data\games\spring\rts\System\LogOutput.cpp">
      <Filter>Source Files</Filter>
    </ClCompile>
    <ClCompile Include="T:\Kyle_Shepherd\games\Beyond-All-Reason\data\games\spring\rts\System\Main.cpp">
      <Filter>Source Files</Filter>
    </ClCompile>
    <ClCompile Include="T:\Kyle_Shepherd\games\Beyond-All-Reason\data\games\spring\rts\System\Matrix44f.cpp">
      <Filter>Source Files</Filter>
    </ClCompile>
    <ClCompile Include="T:\Kyle_Shepherd\games\Beyond-All-Reason\data\games\spring\rts\System\Misc\RectangleOverlapHandler.cpp">
      <Filter>Source Files</Filter>
    </ClCompile>
    <ClCompile Include="T:\Kyle_Shepherd\games\Beyond-All-Reason\data\games\spring\rts\System\Misc\SpringTime.cpp">
      <Filter>Source Files</Filter>
    </ClCompile>
    <ClCompile Include="T:\Kyle_Shepherd\games\Beyond-All-Reason\data\games\spring\rts\System\Object.cpp">
      <Filter>Source Files</Filter>
    </ClCompile>
    <ClCompile Include="T:\Kyle_Shepherd\games\Beyond-All-Reason\data\games\spring\rts\System\GameLoadThread.cpp">
      <Filter>Source Files</Filter>
    </ClCompile>
    <ClCompile Include="T:\Kyle_Shepherd\games\Beyond-All-Reason\data\games\spring\rts\System\Option.cpp">
      <Filter>Source Files</Filter>
    </ClCompile>
    <ClCompile Include="T:\Kyle_Shepherd\games\Beyond-All-Reason\data\games\spring\rts\System\Platform\Clipboard.cpp">
      <Filter>Source Files</Filter>
    </ClCompile>
    <ClCompile Include="T:\Kyle_Shepherd\games\Beyond-All-Reason\data\games\spring\rts\System\Platform\errorhandler.cpp">
      <Filter>Source Files</Filter>
    </ClCompile>
    <ClCompile Include="T:\Kyle_Shepherd\games\Beyond-All-Reason\data\games\spring\rts\System\Platform\Misc.cpp">
      <Filter>Source Files</Filter>
    </ClCompile>
    <ClCompile Include="T:\Kyle_Shepherd\games\Beyond-All-Reason\data\games\spring\rts\System\Platform\SharedLib.cpp">
      <Filter>Source Files</Filter>
    </ClCompile>
    <ClCompile Include="T:\Kyle_Shepherd\games\Beyond-All-Reason\data\games\spring\rts\System\Platform\ScopedFileLock.cpp">
      <Filter>Source Files</Filter>
    </ClCompile>
    <ClCompile Include="T:\Kyle_Shepherd\games\Beyond-All-Reason\data\games\spring\rts\System\Platform\SDL1_keysym.cpp">
      <Filter>Source Files</Filter>
    </ClCompile>
    <ClCompile Include="T:\Kyle_Shepherd\games\Beyond-All-Reason\data\games\spring\rts\System\Platform\Watchdog.cpp">
      <Filter>Source Files</Filter>
    </ClCompile>
    <ClCompile Include="T:\Kyle_Shepherd\games\Beyond-All-Reason\data\games\spring\rts\System\Platform\WindowManagerHelper.cpp">
      <Filter>Source Files</Filter>
    </ClCompile>
    <ClCompile Include="T:\Kyle_Shepherd\games\Beyond-All-Reason\data\games\spring\rts\System\Rectangle.cpp">
      <Filter>Source Files</Filter>
    </ClCompile>
    <ClCompile Include="T:\Kyle_Shepherd\games\Beyond-All-Reason\data\games\spring\rts\System\SafeVector.cpp">
      <Filter>Source Files</Filter>
    </ClCompile>
    <ClCompile Include="T:\Kyle_Shepherd\games\Beyond-All-Reason\data\games\spring\rts\System\SafeCStrings.c">
      <Filter>Source Files</Filter>
    </ClCompile>
    <ClCompile Include="T:\Kyle_Shepherd\games\Beyond-All-Reason\data\games\spring\rts\System\SplashScreen.cpp">
      <Filter>Source Files</Filter>
    </ClCompile>
    <ClCompile Include="T:\Kyle_Shepherd\games\Beyond-All-Reason\data\games\spring\rts\System\SpringApp.cpp">
      <Filter>Source Files</Filter>
    </ClCompile>
    <ClCompile Include="T:\Kyle_Shepherd\games\Beyond-All-Reason\data\games\spring\rts\System\StartScriptGen.cpp">
      <Filter>Source Files</Filter>
    </ClCompile>
    <ClCompile Include="T:\Kyle_Shepherd\games\Beyond-All-Reason\data\games\spring\rts\System\Sync\DumpState.cpp">
      <Filter>Source Files</Filter>
    </ClCompile>
    <ClCompile Include="T:\Kyle_Shepherd\games\Beyond-All-Reason\data\games\spring\rts\System\Sync\FPUCheck.cpp">
      <Filter>Source Files</Filter>
    </ClCompile>
    <ClCompile Include="T:\Kyle_Shepherd\games\Beyond-All-Reason\data\games\spring\rts\System\Sync\Logger.cpp">
      <Filter>Source Files</Filter>
    </ClCompile>
    <ClCompile Include="T:\Kyle_Shepherd\games\Beyond-All-Reason\data\games\spring\rts\System\Sync\SHA512.cpp">
      <Filter>Source Files</Filter>
    </ClCompile>
    <ClCompile Include="T:\Kyle_Shepherd\games\Beyond-All-Reason\data\games\spring\rts\System\Sync\SyncChecker.cpp">
      <Filter>Source Files</Filter>
    </ClCompile>
    <ClCompile Include="T:\Kyle_Shepherd\games\Beyond-All-Reason\data\games\spring\rts\System\Sync\SyncDebugger.cpp">
      <Filter>Source Files</Filter>
    </ClCompile>
    <ClCompile Include="T:\Kyle_Shepherd\games\Beyond-All-Reason\data\games\spring\rts\System\Sync\SyncedFloat3.cpp">
      <Filter>Source Files</Filter>
    </ClCompile>
    <ClCompile Include="T:\Kyle_Shepherd\games\Beyond-All-Reason\data\games\spring\rts\System\Sync\backtrace.c">
      <Filter>Source Files</Filter>
    </ClCompile>
    <ClCompile Include="T:\Kyle_Shepherd\games\Beyond-All-Reason\data\games\spring\rts\System\Sync\get_executable_name.c">
      <Filter>Source Files</Filter>
    </ClCompile>
    <ClCompile Include="T:\Kyle_Shepherd\games\Beyond-All-Reason\data\games\spring\rts\System\TdfParser.cpp">
      <Filter>Source Files</Filter>
    </ClCompile>
    <ClCompile Include="T:\Kyle_Shepherd\games\Beyond-All-Reason\data\games\spring\rts\System\Threading\ThreadPool.cpp">
      <Filter>Source Files</Filter>
    </ClCompile>
    <ClCompile Include="T:\Kyle_Shepherd\games\Beyond-All-Reason\data\games\spring\rts\System\TimeProfiler.cpp">
      <Filter>Source Files</Filter>
    </ClCompile>
    <ClCompile Include="T:\Kyle_Shepherd\games\Beyond-All-Reason\data\games\spring\rts\System\TimeUtil.cpp">
      <Filter>Source Files</Filter>
    </ClCompile>
    <ClCompile Include="T:\Kyle_Shepherd\games\Beyond-All-Reason\data\games\spring\rts\System\UriParser.cpp">
      <Filter>Source Files</Filter>
    </ClCompile>
    <ClCompile Include="T:\Kyle_Shepherd\games\Beyond-All-Reason\data\games\spring\rts\System\StringHash.cpp">
      <Filter>Source Files</Filter>
    </ClCompile>
    <ClCompile Include="T:\Kyle_Shepherd\games\Beyond-All-Reason\data\games\spring\rts\System\StringUtil.cpp">
      <Filter>Source Files</Filter>
    </ClCompile>
    <ClCompile Include="T:\Kyle_Shepherd\games\Beyond-All-Reason\data\games\spring\rts\System\type2.cpp">
      <Filter>Source Files</Filter>
    </ClCompile>
    <ClCompile Include="T:\Kyle_Shepherd\games\Beyond-All-Reason\data\games\spring\rts\System\float3.cpp">
      <Filter>Source Files</Filter>
    </ClCompile>
    <ClCompile Include="T:\Kyle_Shepherd\games\Beyond-All-Reason\data\games\spring\rts\System\float4.cpp">
      <Filter>Source Files</Filter>
    </ClCompile>
    <ClCompile Include="T:\Kyle_Shepherd\games\Beyond-All-Reason\data\games\spring\rts\System\SpringMath.cpp">
      <Filter>Source Files</Filter>
    </ClCompile>
    <ClCompile Include="T:\Kyle_Shepherd\games\Beyond-All-Reason\data\games\spring\rts\System\SpringMem.cpp">
      <Filter>Source Files</Filter>
    </ClCompile>
    <ClCompile Include="T:\Kyle_Shepherd\games\Beyond-All-Reason\data\games\spring\rts\System\creg\SerializeLuaState.cpp">
      <Filter>Source Files</Filter>
    </ClCompile>
    <ClCompile Include="T:\Kyle_Shepherd\games\Beyond-All-Reason\data\games\spring\rts\System\creg\Serializer.cpp">
      <Filter>Source Files</Filter>
    </ClCompile>
    <ClCompile Include="T:\Kyle_Shepherd\games\Beyond-All-Reason\data\games\spring\rts\System\creg\VarTypes.cpp">
      <Filter>Source Files</Filter>
    </ClCompile>
    <ClCompile Include="T:\Kyle_Shepherd\games\Beyond-All-Reason\data\games\spring\rts\System\creg\creg.cpp">
      <Filter>Source Files</Filter>
    </ClCompile>
    <ClCompile Include="T:\Kyle_Shepherd\games\Beyond-All-Reason\data\games\spring\rts\System\creg\creg_runtime_tests.cpp">
      <Filter>Source Files</Filter>
    </ClCompile>
    <ClCompile Include="T:\Kyle_Shepherd\games\Beyond-All-Reason\data\games\spring\rts\System\FileSystem\ArchiveNameResolver.cpp">
      <Filter>Source Files</Filter>
    </ClCompile>
    <ClCompile Include="T:\Kyle_Shepherd\games\Beyond-All-Reason\data\games\spring\rts\System\FileSystem\ArchiveLoader.cpp">
      <Filter>Source Files</Filter>
    </ClCompile>
    <ClCompile Include="T:\Kyle_Shepherd\games\Beyond-All-Reason\data\games\spring\rts\System\FileSystem\ArchiveScanner.cpp">
      <Filter>Source Files</Filter>
    </ClCompile>
    <ClCompile Include="T:\Kyle_Shepherd\games\Beyond-All-Reason\data\games\spring\rts\System\FileSystem\CacheDir.cpp">
      <Filter>Source Files</Filter>
    </ClCompile>
    <ClCompile Include="T:\Kyle_Shepherd\games\Beyond-All-Reason\data\games\spring\rts\System\FileSystem\DataDirLocater.cpp">
      <Filter>Source Files</Filter>
    </ClCompile>
    <ClCompile Include="T:\Kyle_Shepherd\games\Beyond-All-Reason\data\games\spring\rts\System\FileSystem\DataDirsAccess.cpp">
      <Filter>Source Files</Filter>
    </ClCompile>
    <ClCompile Include="T:\Kyle_Shepherd\games\Beyond-All-Reason\data\games\spring\rts\System\FileSystem\FileFilter.cpp">
      <Filter>Source Files</Filter>
    </ClCompile>
    <ClCompile Include="T:\Kyle_Shepherd\games\Beyond-All-Reason\data\games\spring\rts\System\FileSystem\FileHandler.cpp">
      <Filter>Source Files</Filter>
    </ClCompile>
    <ClCompile Include="T:\Kyle_Shepherd\games\Beyond-All-Reason\data\games\spring\rts\System\FileSystem\FileSystem.cpp">
      <Filter>Source Files</Filter>
    </ClCompile>
    <ClCompile Include="T:\Kyle_Shepherd\games\Beyond-All-Reason\data\games\spring\rts\System\FileSystem\FileSystemAbstraction.cpp">
      <Filter>Source Files</Filter>
    </ClCompile>
    <ClCompile Include="T:\Kyle_Shepherd\games\Beyond-All-Reason\data\games\spring\rts\System\FileSystem\FileSystemInitializer.cpp">
      <Filter>Source Files</Filter>
    </ClCompile>
    <ClCompile Include="T:\Kyle_Shepherd\games\Beyond-All-Reason\data\games\spring\rts\System\FileSystem\GZFileHandler.cpp">
      <Filter>Source Files</Filter>
    </ClCompile>
    <ClCompile Include="T:\Kyle_Shepherd\games\Beyond-All-Reason\data\games\spring\rts\System\FileSystem\RapidHandler.cpp">
      <Filter>Source Files</Filter>
    </ClCompile>
    <ClCompile Include="T:\Kyle_Shepherd\games\Beyond-All-Reason\data\games\spring\rts\System\FileSystem\SimpleParser.cpp">
      <Filter>Source Files</Filter>
    </ClCompile>
    <ClCompile Include="T:\Kyle_Shepherd\games\Beyond-All-Reason\data\games\spring\rts\System\FileSystem\VFSHandler.cpp">
      <Filter>Source Files</Filter>
    </ClCompile>
    <ClCompile Include="T:\Kyle_Shepherd\games\Beyond-All-Reason\data\games\spring\rts\System\Log\Backend.cpp">
      <Filter>Source Files</Filter>
    </ClCompile>
    <ClCompile Include="T:\Kyle_Shepherd\games\Beyond-All-Reason\data\games\spring\rts\System\Log\DefaultFilter.cpp">
      <Filter>Source Files</Filter>
    </ClCompile>
    <ClCompile Include="T:\Kyle_Shepherd\games\Beyond-All-Reason\data\games\spring\rts\System\Log\DefaultFormatter.cpp">
      <Filter>Source Files</Filter>
    </ClCompile>
    <ClCompile Include="T:\Kyle_Shepherd\games\Beyond-All-Reason\data\games\spring\rts\System\Log\FramePrefixer.cpp">
      <Filter>Source Files</Filter>
    </ClCompile>
    <ClCompile Include="T:\Kyle_Shepherd\games\Beyond-All-Reason\data\games\spring\rts\System\Log\LogSinkHandler.cpp">
      <Filter>Source Files</Filter>
    </ClCompile>
    <ClCompile Include="T:\Kyle_Shepherd\games\Beyond-All-Reason\data\games\spring\rts\System\Log\LogUtil.c">
      <Filter>Source Files</Filter>
    </ClCompile>
    <ClCompile Include="T:\Kyle_Shepherd\games\Beyond-All-Reason\data\games\spring\rts\System\Log\TracySink.cpp">
      <Filter>Source Files</Filter>
    </ClCompile>
    <ClCompile Include="T:\Kyle_Shepherd\games\Beyond-All-Reason\data\games\spring\rts\System\Log\ConsoleSink.cpp">
      <Filter>Source Files</Filter>
    </ClCompile>
    <ClCompile Include="T:\Kyle_Shepherd\games\Beyond-All-Reason\data\games\spring\rts\System\Log\FileSink.cpp">
      <Filter>Source Files</Filter>
    </ClCompile>
    <ClCompile Include="T:\Kyle_Shepherd\games\Beyond-All-Reason\data\games\spring\rts\System\Log\OutputDebugStringSink.cpp">
      <Filter>Source Files</Filter>
    </ClCompile>
    <ClCompile Include="T:\Kyle_Shepherd\games\Beyond-All-Reason\data\games\spring\rts\System\Platform\Win\CrashHandler.cpp">
      <Filter>Source Files</Filter>
    </ClCompile>
    <ClCompile Include="T:\Kyle_Shepherd\games\Beyond-All-Reason\data\games\spring\rts\System\Platform\Win\DllLib.cpp">
      <Filter>Source Files</Filter>
    </ClCompile>
    <ClCompile Include="T:\Kyle_Shepherd\games\Beyond-All-Reason\data\games\spring\rts\System\Platform\Win\MessageBox.cpp">
      <Filter>Source Files</Filter>
    </ClCompile>
    <ClCompile Include="T:\Kyle_Shepherd\games\Beyond-All-Reason\data\games\spring\rts\System\Platform\Win\seh.cpp">
      <Filter>Source Files</Filter>
    </ClCompile>
    <ClCompile Include="T:\Kyle_Shepherd\games\Beyond-All-Reason\data\games\spring\rts\System\Platform\Win\WinVersion.cpp">
      <Filter>Source Files</Filter>
    </ClCompile>
    <ClCompile Include="T:\Kyle_Shepherd\games\Beyond-All-Reason\data\games\spring\rts\System\Platform\Win\WindowManagerHelper.cpp">
      <Filter>Source Files</Filter>
    </ClCompile>
    <ClCompile Include="T:\Kyle_Shepherd\games\Beyond-All-Reason\data\games\spring\rts\System\Platform\CpuID.cpp">
      <Filter>Source Files</Filter>
    </ClCompile>
    <ClCompile Include="T:\Kyle_Shepherd\games\Beyond-All-Reason\data\games\spring\rts\System\Platform\Threading.cpp">
      <Filter>Source Files</Filter>
    </ClCompile>
    <ClCompile Include="T:\Kyle_Shepherd\games\Beyond-All-Reason\data\games\spring\rts\System\Platform\Win\CriticalSection.cpp">
      <Filter>Source Files</Filter>
    </ClCompile>
    <ClCompile Include="T:\Kyle_Shepherd\games\Beyond-All-Reason\data\games\spring\rts\System\Platform\Win\Future.cpp">
      <Filter>Source Files</Filter>
    </ClCompile>
    <ClCompile Include="T:\Kyle_Shepherd\games\Beyond-All-Reason\data\games\spring\rts\ExternalAI\AICallback.cpp">
      <Filter>Source Files</Filter>
    </ClCompile>
    <ClCompile Include="T:\Kyle_Shepherd\games\Beyond-All-Reason\data\games\spring\rts\ExternalAI\AICheats.cpp">
      <Filter>Source Files</Filter>
    </ClCompile>
    <ClCompile Include="T:\Kyle_Shepherd\games\Beyond-All-Reason\data\games\spring\rts\ExternalAI\AIInterfaceKey.cpp">
      <Filter>Source Files</Filter>
    </ClCompile>
    <ClCompile Include="T:\Kyle_Shepherd\games\Beyond-All-Reason\data\games\spring\rts\ExternalAI\AIInterfaceLibrary.cpp">
      <Filter>Source Files</Filter>
    </ClCompile>
    <ClCompile Include="T:\Kyle_Shepherd\games\Beyond-All-Reason\data\games\spring\rts\ExternalAI\AIInterfaceLibraryInfo.cpp">
      <Filter>Source Files</Filter>
    </ClCompile>
    <ClCompile Include="T:\Kyle_Shepherd\games\Beyond-All-Reason\data\games\spring\rts\ExternalAI\AILibraryManager.cpp">
      <Filter>Source Files</Filter>
    </ClCompile>
    <ClCompile Include="T:\Kyle_Shepherd\games\Beyond-All-Reason\data\games\spring\rts\ExternalAI\AISCommands.cpp">
      <Filter>Source Files</Filter>
    </ClCompile>
    <ClCompile Include="T:\Kyle_Shepherd\games\Beyond-All-Reason\data\games\spring\rts\ExternalAI\EngineOutHandler.cpp">
      <Filter>Source Files</Filter>
    </ClCompile>
    <ClCompile Include="T:\Kyle_Shepherd\games\Beyond-All-Reason\data\games\spring\rts\ExternalAI\LuaAIImplHandler.cpp">
      <Filter>Source Files</Filter>
    </ClCompile>
    <ClCompile Include="T:\Kyle_Shepherd\games\Beyond-All-Reason\data\games\spring\rts\ExternalAI\SAIInterfaceCallbackImpl.cpp">
      <Filter>Source Files</Filter>
    </ClCompile>
    <ClCompile Include="T:\Kyle_Shepherd\games\Beyond-All-Reason\data\games\spring\rts\ExternalAI\SSkirmishAICallbackImpl.cpp">
      <Filter>Source Files</Filter>
    </ClCompile>
    <ClCompile Include="T:\Kyle_Shepherd\games\Beyond-All-Reason\data\games\spring\rts\ExternalAI\SkirmishAIData.cpp">
      <Filter>Source Files</Filter>
    </ClCompile>
    <ClCompile Include="T:\Kyle_Shepherd\games\Beyond-All-Reason\data\games\spring\rts\ExternalAI\SkirmishAIHandler.cpp">
      <Filter>Source Files</Filter>
    </ClCompile>
    <ClCompile Include="T:\Kyle_Shepherd\games\Beyond-All-Reason\data\games\spring\rts\ExternalAI\SkirmishAIKey.cpp">
      <Filter>Source Files</Filter>
    </ClCompile>
    <ClCompile Include="T:\Kyle_Shepherd\games\Beyond-All-Reason\data\games\spring\rts\ExternalAI\SkirmishAILibrary.cpp">
      <Filter>Source Files</Filter>
    </ClCompile>
    <ClCompile Include="T:\Kyle_Shepherd\games\Beyond-All-Reason\data\games\spring\rts\ExternalAI\SkirmishAILibraryInfo.cpp">
      <Filter>Source Files</Filter>
    </ClCompile>
    <ClCompile Include="T:\Kyle_Shepherd\games\Beyond-All-Reason\data\games\spring\rts\ExternalAI\SkirmishAIWrapper.cpp">
      <Filter>Source Files</Filter>
    </ClCompile>
  </ItemGroup>
  <ItemGroup>
    <CustomBuild Include="T:\Kyle_Shepherd\games\Beyond-All-Reason\data\games\spring\rts\builds\headless\CMakeLists.txt" />
  </ItemGroup>
  <ItemGroup>
    <ResourceCompile Include="T:\Kyle_Shepherd\games\Beyond-All-Reason\data\games\spring\rts\icon.rc">
      <Filter>Source Files</Filter>
    </ResourceCompile>
  </ItemGroup>
  <ItemGroup>
    <Filter Include="Source Files">
      <UniqueIdentifier>{CC7D20B3-5BCF-3B32-BDC8-7E0AD15418B4}</UniqueIdentifier>
    </Filter>
  </ItemGroup>
</Project>
