<?xml version="1.0" encoding="utf-8"?>
<Project ToolsVersion="16.0" xmlns="http://schemas.microsoft.com/developer/msbuild/2003">
  <ItemGroup>
    <ClCompile Include="T:\Kyle_Shepherd\games\Beyond-All-Reason\data\games\spring\rts\lib\luasocket\src\auxiliar.cpp">
      <Filter>Source Files</Filter>
    </ClCompile>
    <ClCompile Include="T:\Kyle_Shepherd\games\Beyond-All-Reason\data\games\spring\rts\lib\luasocket\src\buffer.cpp">
      <Filter>Source Files</Filter>
    </ClCompile>
    <ClCompile Include="T:\Kyle_Shepherd\games\Beyond-All-Reason\data\games\spring\rts\lib\luasocket\src\except.cpp">
      <Filter>Source Files</Filter>
    </ClCompile>
    <ClCompile Include="T:\Kyle_Shepherd\games\Beyond-All-Reason\data\games\spring\rts\lib\luasocket\src\inet.cpp">
      <Filter>Source Files</Filter>
    </ClCompile>
    <ClCompile Include="T:\Kyle_Shepherd\games\Beyond-All-Reason\data\games\spring\rts\lib\luasocket\src\io.cpp">
      <Filter>Source Files</Filter>
    </ClCompile>
    <ClCompile Include="T:\Kyle_Shepherd\games\Beyond-All-Reason\data\games\spring\rts\lib\luasocket\src\luasocket.cpp">
      <Filter>Source Files</Filter>
    </ClCompile>
    <ClCompile Include="T:\Kyle_Shepherd\games\Beyond-All-Reason\data\games\spring\rts\lib\luasocket\src\mime.cpp">
      <Filter>Source Files</Filter>
    </ClCompile>
    <ClCompile Include="T:\Kyle_Shepherd\games\Beyond-All-Reason\data\games\spring\rts\lib\luasocket\src\options.cpp">
      <Filter>Source Files</Filter>
    </ClCompile>
    <ClCompile Include="T:\Kyle_Shepherd\games\Beyond-All-Reason\data\games\spring\rts\lib\luasocket\src\select.cpp">
      <Filter>Source Files</Filter>
    </ClCompile>
    <ClCompile Include="T:\Kyle_Shepherd\games\Beyond-All-Reason\data\games\spring\rts\lib\luasocket\src\tcp.cpp">
      <Filter>Source Files</Filter>
    </ClCompile>
    <ClCompile Include="T:\Kyle_Shepherd\games\Beyond-All-Reason\data\games\spring\rts\lib\luasocket\src\timeout.cpp">
      <Filter>Source Files</Filter>
    </ClCompile>
    <ClCompile Include="T:\Kyle_Shepherd\games\Beyond-All-Reason\data\games\spring\rts\lib\luasocket\src\udp.cpp">
      <Filter>Source Files</Filter>
    </ClCompile>
    <ClCompile Include="T:\Kyle_Shepherd\games\Beyond-All-Reason\data\games\spring\rts\lib\luasocket\src\restrictions.cpp">
      <Filter>Source Files</Filter>
    </ClCompile>
    <ClCompile Include="T:\Kyle_Shepherd\games\Beyond-All-Reason\data\games\spring\rts\lib\luasocket\src\wsocket.cpp">
      <Filter>Source Files</Filter>
    </ClCompile>
  </ItemGroup>
  <ItemGroup>
    <CustomBuild Include="T:\Kyle_Shepherd\games\Beyond-All-Reason\data\games\spring\rts\lib\luasocket\CMakeLists.txt" />
  </ItemGroup>
  <ItemGroup>
    <Filter Include="Source Files">
      <UniqueIdentifier>{CC7D20B3-5BCF-3B32-BDC8-7E0AD15418B4}</UniqueIdentifier>
    </Filter>
  </ItemGroup>
</Project>
