<?xml version="1.0" encoding="utf-8"?>
<Project ToolsVersion="16.0" xmlns="http://schemas.microsoft.com/developer/msbuild/2003">
  <ItemGroup>
    <ClCompile Include="T:\Kyle_Shepherd\games\Beyond-All-Reason\data\games\spring\rts\System\FileSystem\Archives\BufferedArchive.cpp">
      <Filter>Source Files</Filter>
    </ClCompile>
    <ClCompile Include="T:\Kyle_Shepherd\games\Beyond-All-Reason\data\games\spring\rts\System\FileSystem\Archives\DirArchive.cpp">
      <Filter>Source Files</Filter>
    </ClCompile>
    <ClCompile Include="T:\Kyle_Shepherd\games\Beyond-All-Reason\data\games\spring\rts\System\FileSystem\Archives\IArchive.cpp">
      <Filter>Source Files</Filter>
    </ClCompile>
    <ClCompile Include="T:\Kyle_Shepherd\games\Beyond-All-Reason\data\games\spring\rts\System\FileSystem\Archives\PoolArchive.cpp">
      <Filter>Source Files</Filter>
    </ClCompile>
    <ClCompile Include="T:\Kyle_Shepherd\games\Beyond-All-Reason\data\games\spring\rts\System\FileSystem\Archives\SevenZipArchive.cpp">
      <Filter>Source Files</Filter>
    </ClCompile>
    <ClCompile Include="T:\Kyle_Shepherd\games\Beyond-All-Reason\data\games\spring\rts\System\FileSystem\Archives\VirtualArchive.cpp">
      <Filter>Source Files</Filter>
    </ClCompile>
    <ClCompile Include="T:\Kyle_Shepherd\games\Beyond-All-Reason\data\games\spring\rts\System\FileSystem\Archives\ZipArchive.cpp">
      <Filter>Source Files</Filter>
    </ClCompile>
    <ClCompile Include="T:\Kyle_Shepherd\games\Beyond-All-Reason\data\games\spring\rts\System\Log\Backend.cpp">
      <Filter>Source Files</Filter>
    </ClCompile>
    <ClCompile Include="T:\Kyle_Shepherd\games\Beyond-All-Reason\data\games\spring\rts\System\Log\DefaultFilter.cpp">
      <Filter>Source Files</Filter>
    </ClCompile>
    <ClCompile Include="T:\Kyle_Shepherd\games\Beyond-All-Reason\data\games\spring\rts\System\Log\DefaultFormatter.cpp">
      <Filter>Source Files</Filter>
    </ClCompile>
    <ClCompile Include="T:\Kyle_Shepherd\games\Beyond-All-Reason\data\games\spring\rts\System\Log\FramePrefixer.cpp">
      <Filter>Source Files</Filter>
    </ClCompile>
    <ClCompile Include="T:\Kyle_Shepherd\games\Beyond-All-Reason\data\games\spring\rts\System\Log\LogSinkHandler.cpp">
      <Filter>Source Files</Filter>
    </ClCompile>
    <ClCompile Include="T:\Kyle_Shepherd\games\Beyond-All-Reason\data\games\spring\rts\System\Log\LogUtil.c">
      <Filter>Source Files</Filter>
    </ClCompile>
    <ClCompile Include="T:\Kyle_Shepherd\games\Beyond-All-Reason\data\games\spring\rts\System\Log\TracySink.cpp">
      <Filter>Source Files</Filter>
    </ClCompile>
    <ClCompile Include="T:\Kyle_Shepherd\games\Beyond-All-Reason\data\games\spring\rts\System\Log\ConsoleSink.cpp">
      <Filter>Source Files</Filter>
    </ClCompile>
  </ItemGroup>
  <ItemGroup>
    <CustomBuild Include="T:\Kyle_Shepherd\games\Beyond-All-Reason\data\games\spring\rts\System\FileSystem\Archives\CMakeLists.txt" />
  </ItemGroup>
  <ItemGroup>
    <Filter Include="Source Files">
      <UniqueIdentifier>{CC7D20B3-5BCF-3B32-BDC8-7E0AD15418B4}</UniqueIdentifier>
    </Filter>
  </ItemGroup>
</Project>
